{
  "version": 4,
  "terraform_version": "1.3.7",
  "serial": 29,
  "lineage": "11e645b7-731f-292e-2922-82f88660ad43",
  "outputs": {
    "Ingress-nonprod-subnet-id": {
      "value": "d3e4fb3b-d93a-433f-af93-f5f77b99048f",
      "type": "string"
    },
    "Ingress-nonprod-vpc-id": {
      "value": "7540142b-8187-4ea5-a42c-9efedbd69f68",
      "type": "string"
    },
    "egress-nonprod-nat-gw-id": {
      "value": "3b3fc80d-2e5c-4098-95cc-1ecb21b0db09",
      "type": "string"
    },
    "egress-nonprod-subnet-id": {
      "value": "52443683-d4ff-492f-991b-e9ef5220aaf0",
      "type": "string"
    },
    "egress-nonprod-vpc-id": {
      "value": "1dd74999-304e-4647-b45c-2e626dbc17f0",
      "type": "string"
    },
    "ext-transit-nonprod-subnet-id": {
      "value": "070a5f66-56b2-4a3b-a855-f8ab1e078d8e",
      "type": "string"
    },
    "ext-transit-nonprod-vpc-id": {
      "value": "1984341f-83bd-4e05-a363-6c919be0440a",
      "type": "string"
    },
    "int-transit-nonprod-subnet-id": {
      "value": "b8d1798c-8a19-4b48-85fd-054f27b059a0",
      "type": "string"
    },
    "int-transit-nonprod-vpc-id": {
      "value": "e5a91052-cc1e-48e4-9b23-b12a135d8359",
      "type": "string"
    }
  },
  "resources": [
    {
      "module": "module.Ingress-nonprod",
      "mode": "managed",
      "type": "huaweicloud_vpc",
      "name": "default",
      "provider": "provider[\"registry.terraform.io/huaweicloud/huaweicloud\"].general_service",
      "instances": [
        {
          "schema_version": 0,
          "attributes": {
            "cidr": "10.80.8.32/27",
            "description": "",
            "enterprise_project_id": "0",
            "id": "7540142b-8187-4ea5-a42c-9efedbd69f68",
            "name": "Ingress-nonprod",
            "region": "ap-southeast-2",
            "routes": [],
            "secondary_cidr": null,
            "status": "OK",
            "tags": {
              "Name": "Ingress-nonprod"
            },
            "timeouts": null
          },
          "sensitive_attributes": [],
          "private": "eyJlMmJmYjczMC1lY2FhLTExZTYtOGY4OC0zNDM2M2JjN2M0YzAiOnsiY3JlYXRlIjo2MDAwMDAwMDAwMDAsImRlbGV0ZSI6MTgwMDAwMDAwMDAwfX0="
        }
      ]
    },
    {
      "module": "module.Ingress-nonprod",
      "mode": "managed",
      "type": "huaweicloud_vpc_subnet",
      "name": "ingress_subnet",
      "provider": "provider[\"registry.terraform.io/huaweicloud/huaweicloud\"].general_service",
      "instances": [
        {
          "index_key": 0,
          "schema_version": 0,
          "attributes": {
            "availability_zone": "",
            "cidr": "10.80.8.32/27",
            "description": "",
            "dhcp_enable": true,
            "dns_list": [
              "100.125.1.250",
              "100.125.128.250"
            ],
            "gateway_ip": "10.80.8.33",
            "id": "d3e4fb3b-d93a-433f-af93-f5f77b99048f",
            "ipv6_cidr": "",
            "ipv6_enable": false,
            "ipv6_gateway": "",
            "ipv6_subnet_id": "",
            "name": "ingress_subnet",
            "primary_dns": "100.125.1.250",
            "region": "ap-southeast-2",
            "secondary_dns": "100.125.128.250",
            "subnet_id": "8d7fa7fd-d70b-44f1-85e4-bd60234db36f",
            "tags": {
              "Name": "ingress_subnet"
            },
            "timeouts": null,
            "vpc_id": "7540142b-8187-4ea5-a42c-9efedbd69f68"
          },
          "sensitive_attributes": [],
          "private": "eyJlMmJmYjczMC1lY2FhLTExZTYtOGY4OC0zNDM2M2JjN2M0YzAiOnsiY3JlYXRlIjozMDAwMDAwMDAwMDAsImRlbGV0ZSI6MzAwMDAwMDAwMDAwfX0=",
          "dependencies": [
            "module.Ingress-nonprod.huaweicloud_vpc.default"
          ]
        }
      ]
    },
    {
      "module": "module.egress-nonprod",
      "mode": "managed",
      "type": "huaweicloud_nat_gateway",
      "name": "egress_nat",
      "provider": "provider[\"registry.terraform.io/huaweicloud/huaweicloud\"].general_service",
      "instances": [
        {
          "index_key": 0,
          "schema_version": 0,
          "attributes": {
            "description": "",
            "enterprise_project_id": "0",
            "id": "3b3fc80d-2e5c-4098-95cc-1ecb21b0db09",
            "internal_network_id": null,
            "name": "egress-nonprod-nat-gw",
            "region": "ap-southeast-2",
            "router_id": null,
            "spec": "3",
            "status": "ACTIVE",
            "subnet_id": "52443683-d4ff-492f-991b-e9ef5220aaf0",
            "timeouts": null,
            "vpc_id": "1dd74999-304e-4647-b45c-2e626dbc17f0"
          },
          "sensitive_attributes": [],
          "private": "eyJlMmJmYjczMC1lY2FhLTExZTYtOGY4OC0zNDM2M2JjN2M0YzAiOnsiY3JlYXRlIjo2MDAwMDAwMDAwMDAsImRlbGV0ZSI6NjAwMDAwMDAwMDAwfX0=",
          "dependencies": [
            "module.egress-nonprod.huaweicloud_vpc.default",
            "module.egress-nonprod.huaweicloud_vpc_subnet.egress_subnet"
          ]
        }
      ]
    },
    {
      "module": "module.egress-nonprod",
      "mode": "managed",
      "type": "huaweicloud_nat_snat_rule",
      "name": "egress_snat_rule",
      "provider": "provider[\"registry.terraform.io/huaweicloud/huaweicloud\"].general_service",
      "instances": [
        {
          "index_key": 0,
          "schema_version": 0,
          "attributes": {
            "cidr": "10.80.8.0/27",
            "description": "",
            "floating_ip_address": "122.8.153.53",
            "floating_ip_id": "0112724f-13fc-42b2-8122-588f16cd23c3",
            "id": "9ce919b5-d677-497c-af4c-a91bafee2516",
            "nat_gateway_id": "3b3fc80d-2e5c-4098-95cc-1ecb21b0db09",
            "network_id": null,
            "region": "ap-southeast-2",
            "source_type": 0,
            "status": "ACTIVE",
            "subnet_id": "",
            "timeouts": null
          },
          "sensitive_attributes": [],
          "private": "eyJlMmJmYjczMC1lY2FhLTExZTYtOGY4OC0zNDM2M2JjN2M0YzAiOnsiY3JlYXRlIjo2MDAwMDAwMDAwMDAsImRlbGV0ZSI6NjAwMDAwMDAwMDAwLCJ1cGRhdGUiOjYwMDAwMDAwMDAwMH19",
          "dependencies": [
            "module.egress-nonprod.huaweicloud_nat_gateway.egress_nat",
            "module.egress-nonprod.huaweicloud_vpc.default",
            "module.egress-nonprod.huaweicloud_vpc_eip.nat_eip",
            "module.egress-nonprod.huaweicloud_vpc_subnet.egress_subnet"
          ]
        }
      ]
    },
    {
      "module": "module.egress-nonprod",
      "mode": "managed",
      "type": "huaweicloud_vpc",
      "name": "default",
      "provider": "provider[\"registry.terraform.io/huaweicloud/huaweicloud\"].general_service",
      "instances": [
        {
          "schema_version": 0,
          "attributes": {
            "cidr": "10.80.8.0/27",
            "description": "",
            "enterprise_project_id": "0",
            "id": "1dd74999-304e-4647-b45c-2e626dbc17f0",
            "name": "egress-nonprod",
            "region": "ap-southeast-2",
            "routes": [
              {
                "destination": "0.0.0.0/0",
                "nexthop": "10.80.8.7"
              }
            ],
            "secondary_cidr": null,
            "status": "OK",
            "tags": {
              "Name": "egress-nonprod"
            },
            "timeouts": null
          },
          "sensitive_attributes": [],
          "private": "eyJlMmJmYjczMC1lY2FhLTExZTYtOGY4OC0zNDM2M2JjN2M0YzAiOnsiY3JlYXRlIjo2MDAwMDAwMDAwMDAsImRlbGV0ZSI6MTgwMDAwMDAwMDAwfX0="
        }
      ]
    },
    {
      "module": "module.egress-nonprod",
      "mode": "managed",
      "type": "huaweicloud_vpc_eip",
      "name": "nat_eip",
      "provider": "provider[\"registry.terraform.io/huaweicloud/huaweicloud\"].general_service",
      "instances": [
        {
          "index_key": 0,
          "schema_version": 0,
          "attributes": {
            "address": "122.8.153.53",
            "auto_pay": null,
            "auto_renew": null,
            "bandwidth": [
              {
                "charge_mode": "traffic",
                "id": "8b501ab2-772a-4138-9b0d-73e3e4ec04bb",
                "name": "eip_bandwith_5G",
                "share_type": "PER",
                "size": 8
              }
            ],
            "charging_mode": null,
            "enterprise_project_id": "0",
            "id": "0112724f-13fc-42b2-8122-588f16cd23c3",
            "ipv6_address": "",
            "name": "",
            "period": null,
            "period_unit": null,
            "port_id": "15e4cabb-1cf3-433a-b786-93b8d1849ef6",
            "private_ip": "10.80.8.7",
            "publicip": [
              {
                "ip_address": "122.8.153.53",
                "ip_version": 4,
                "port_id": "15e4cabb-1cf3-433a-b786-93b8d1849ef6",
                "type": "5_bgp"
              }
            ],
            "region": "ap-southeast-2",
            "status": "BOUND",
            "tags": {},
            "timeouts": null
          },
          "sensitive_attributes": [],
          "private": "eyJlMmJmYjczMC1lY2FhLTExZTYtOGY4OC0zNDM2M2JjN2M0YzAiOnsiY3JlYXRlIjo2MDAwMDAwMDAwMDAsImRlbGV0ZSI6NjAwMDAwMDAwMDAwLCJ1cGRhdGUiOjMwMDAwMDAwMDAwMH19"
        }
      ]
    },
    {
      "module": "module.egress-nonprod",
      "mode": "managed",
      "type": "huaweicloud_vpc_subnet",
      "name": "egress_subnet",
      "provider": "provider[\"registry.terraform.io/huaweicloud/huaweicloud\"].general_service",
      "instances": [
        {
          "index_key": 0,
          "schema_version": 0,
          "attributes": {
            "availability_zone": "",
            "cidr": "10.80.8.0/27",
            "description": "",
            "dhcp_enable": true,
            "dns_list": [
              "100.125.1.250",
              "100.125.128.250"
            ],
            "gateway_ip": "10.80.8.1",
            "id": "52443683-d4ff-492f-991b-e9ef5220aaf0",
            "ipv6_cidr": "",
            "ipv6_enable": false,
            "ipv6_gateway": "",
            "ipv6_subnet_id": "",
            "name": "egress_subnet",
            "primary_dns": "100.125.1.250",
            "region": "ap-southeast-2",
            "secondary_dns": "100.125.128.250",
            "subnet_id": "16bec87f-e08f-47c7-9686-accaf781f507",
            "tags": {
              "Name": "egress_subnet"
            },
            "timeouts": null,
            "vpc_id": "1dd74999-304e-4647-b45c-2e626dbc17f0"
          },
          "sensitive_attributes": [],
          "private": "eyJlMmJmYjczMC1lY2FhLTExZTYtOGY4OC0zNDM2M2JjN2M0YzAiOnsiY3JlYXRlIjozMDAwMDAwMDAwMDAsImRlbGV0ZSI6MzAwMDAwMDAwMDAwfX0=",
          "dependencies": [
            "module.egress-nonprod.huaweicloud_vpc.default"
          ]
        }
      ]
    },
    {
      "module": "module.egress_vpc_2_int_transit_vpc",
      "mode": "managed",
      "type": "huaweicloud_vpc_peering_connection",
      "name": "requester",
      "provider": "provider[\"registry.terraform.io/huaweicloud/huaweicloud\"].general_service",
      "instances": [
        {
          "schema_version": 0,
          "attributes": {
            "id": "8a35955f-e7b4-4839-b444-7402c0dae5b1",
            "name": "egress-nonprod_peering_int-transit-nonprod",
            "peer_tenant_id": "5f5667c0ef7b4bb1821b974e100653a7",
            "peer_vpc_id": "e5a91052-cc1e-48e4-9b23-b12a135d8359",
            "region": "ap-southeast-2",
            "status": "ACTIVE",
            "timeouts": null,
            "vpc_id": "1dd74999-304e-4647-b45c-2e626dbc17f0"
          },
          "sensitive_attributes": [],
          "private": "eyJlMmJmYjczMC1lY2FhLTExZTYtOGY4OC0zNDM2M2JjN2M0YzAiOnsiY3JlYXRlIjo2MDAwMDAwMDAwMDAsImRlbGV0ZSI6NjAwMDAwMDAwMDAwfX0=",
          "dependencies": [
            "module.egress-nonprod.huaweicloud_vpc.default",
            "module.int-transit-nonprod.huaweicloud_vpc.default"
          ]
        }
      ]
    },
    {
      "module": "module.egress_vpc_2_int_transit_vpc",
      "mode": "managed",
      "type": "huaweicloud_vpc_route",
      "name": "accepter_route",
      "provider": "provider[\"registry.terraform.io/huaweicloud/huaweicloud\"].general_service",
      "instances": [
        {
          "schema_version": 0,
          "attributes": {
            "description": "",
            "destination": "10.80.8.0/27",
            "id": "0ccc2a7f-67ba-468a-bf13-a1f9a5f2649d/10.80.8.0/27",
            "nexthop": "8a35955f-e7b4-4839-b444-7402c0dae5b1",
            "region": "ap-southeast-2",
            "route_table_id": "0ccc2a7f-67ba-468a-bf13-a1f9a5f2649d",
            "route_table_name": "rtb-int-transit-nonprod",
            "timeouts": null,
            "type": "peering",
            "vpc_id": "e5a91052-cc1e-48e4-9b23-b12a135d8359"
          },
          "sensitive_attributes": [],
          "private": "eyJlMmJmYjczMC1lY2FhLTExZTYtOGY4OC0zNDM2M2JjN2M0YzAiOnsiY3JlYXRlIjo2MDAwMDAwMDAwMDAsImRlbGV0ZSI6NjAwMDAwMDAwMDAwfX0=",
          "dependencies": [
            "module.egress-nonprod.huaweicloud_vpc.default",
            "module.egress_vpc_2_int_transit_vpc.huaweicloud_vpc_peering_connection.requester",
            "module.int-transit-nonprod.huaweicloud_vpc.default"
          ]
        }
      ]
    },
    {
      "module": "module.egress_vpc_2_int_transit_vpc",
      "mode": "managed",
      "type": "huaweicloud_vpc_route",
      "name": "requester_route",
      "provider": "provider[\"registry.terraform.io/huaweicloud/huaweicloud\"].general_service",
      "instances": [
        {
          "schema_version": 0,
          "attributes": {
            "description": "",
            "destination": "10.80.8.96/27",
            "id": "52c9016b-da52-43eb-b681-dbbd9452d144/10.80.8.96/27",
            "nexthop": "8a35955f-e7b4-4839-b444-7402c0dae5b1",
            "region": "ap-southeast-2",
            "route_table_id": "52c9016b-da52-43eb-b681-dbbd9452d144",
            "route_table_name": "rtb-egress-nonprod",
            "timeouts": null,
            "type": "peering",
            "vpc_id": "1dd74999-304e-4647-b45c-2e626dbc17f0"
          },
          "sensitive_attributes": [],
          "private": "eyJlMmJmYjczMC1lY2FhLTExZTYtOGY4OC0zNDM2M2JjN2M0YzAiOnsiY3JlYXRlIjo2MDAwMDAwMDAwMDAsImRlbGV0ZSI6NjAwMDAwMDAwMDAwfX0=",
          "dependencies": [
            "module.egress-nonprod.huaweicloud_vpc.default",
            "module.egress_vpc_2_int_transit_vpc.huaweicloud_vpc_peering_connection.requester",
            "module.int-transit-nonprod.huaweicloud_vpc.default"
          ]
        }
      ]
    },
    {
      "module": "module.ext-transit-nonprod",
      "mode": "managed",
      "type": "huaweicloud_vpc",
      "name": "default",
      "provider": "provider[\"registry.terraform.io/huaweicloud/huaweicloud\"].general_service",
      "instances": [
        {
          "schema_version": 0,
          "attributes": {
            "cidr": "10.80.8.64/27",
            "description": "",
            "enterprise_project_id": "0",
            "id": "1984341f-83bd-4e05-a363-6c919be0440a",
            "name": "ext-transit-nonprod",
            "region": "ap-southeast-2",
            "routes": [],
            "secondary_cidr": null,
            "status": "OK",
            "tags": {
              "Name": "ext-transit-nonprod"
            },
            "timeouts": null
          },
          "sensitive_attributes": [],
          "private": "eyJlMmJmYjczMC1lY2FhLTExZTYtOGY4OC0zNDM2M2JjN2M0YzAiOnsiY3JlYXRlIjo2MDAwMDAwMDAwMDAsImRlbGV0ZSI6MTgwMDAwMDAwMDAwfX0="
        }
      ]
    },
    {
      "module": "module.ext-transit-nonprod",
      "mode": "managed",
      "type": "huaweicloud_vpc_subnet",
      "name": "private_subnet",
      "provider": "provider[\"registry.terraform.io/huaweicloud/huaweicloud\"].general_service",
      "instances": [
        {
          "index_key": 0,
          "schema_version": 0,
          "attributes": {
            "availability_zone": "",
            "cidr": "10.80.8.64/27",
            "description": "",
            "dhcp_enable": true,
            "dns_list": [
              "100.125.1.250",
              "100.125.128.250"
            ],
            "gateway_ip": "10.80.8.65",
            "id": "070a5f66-56b2-4a3b-a855-f8ab1e078d8e",
            "ipv6_cidr": "",
            "ipv6_enable": false,
            "ipv6_gateway": "",
            "ipv6_subnet_id": "",
            "name": "private_subnet",
            "primary_dns": "100.125.1.250",
            "region": "ap-southeast-2",
            "secondary_dns": "100.125.128.250",
            "subnet_id": "ddc840f2-3eec-4e20-aa42-4fee687412d0",
            "tags": {
              "Name": "private_subnet"
            },
            "timeouts": null,
            "vpc_id": "1984341f-83bd-4e05-a363-6c919be0440a"
          },
          "sensitive_attributes": [],
          "private": "eyJlMmJmYjczMC1lY2FhLTExZTYtOGY4OC0zNDM2M2JjN2M0YzAiOnsiY3JlYXRlIjozMDAwMDAwMDAwMDAsImRlbGV0ZSI6MzAwMDAwMDAwMDAwfX0=",
          "dependencies": [
            "module.ext-transit-nonprod.huaweicloud_vpc.default"
          ]
        }
      ]
    },
    {
      "module": "module.ext_transit_vpc_2_int_transit_vpc",
      "mode": "managed",
      "type": "huaweicloud_vpc_peering_connection",
      "name": "requester",
      "provider": "provider[\"registry.terraform.io/huaweicloud/huaweicloud\"].general_service",
      "instances": [
        {
          "schema_version": 0,
          "attributes": {
            "id": "b398fefb-8c09-4ec3-890d-77211f6ab3f8",
            "name": "ext-transit-nonprod_peering_int-transit-nonprod",
            "peer_tenant_id": "5f5667c0ef7b4bb1821b974e100653a7",
            "peer_vpc_id": "e5a91052-cc1e-48e4-9b23-b12a135d8359",
            "region": "ap-southeast-2",
            "status": "ACTIVE",
            "timeouts": null,
            "vpc_id": "1984341f-83bd-4e05-a363-6c919be0440a"
          },
          "sensitive_attributes": [],
          "private": "eyJlMmJmYjczMC1lY2FhLTExZTYtOGY4OC0zNDM2M2JjN2M0YzAiOnsiY3JlYXRlIjo2MDAwMDAwMDAwMDAsImRlbGV0ZSI6NjAwMDAwMDAwMDAwfX0=",
          "dependencies": [
            "module.ext-transit-nonprod.huaweicloud_vpc.default",
            "module.int-transit-nonprod.huaweicloud_vpc.default"
          ]
        }
      ]
    },
    {
      "module": "module.ext_transit_vpc_2_int_transit_vpc",
      "mode": "managed",
      "type": "huaweicloud_vpc_route",
      "name": "accepter_route",
      "provider": "provider[\"registry.terraform.io/huaweicloud/huaweicloud\"].general_service",
      "instances": [
        {
          "schema_version": 0,
          "attributes": {
            "description": "",
            "destination": "10.80.8.64/27",
            "id": "0ccc2a7f-67ba-468a-bf13-a1f9a5f2649d/10.80.8.64/27",
            "nexthop": "b398fefb-8c09-4ec3-890d-77211f6ab3f8",
            "region": "ap-southeast-2",
            "route_table_id": "0ccc2a7f-67ba-468a-bf13-a1f9a5f2649d",
            "route_table_name": "rtb-int-transit-nonprod",
            "timeouts": null,
            "type": "peering",
            "vpc_id": "e5a91052-cc1e-48e4-9b23-b12a135d8359"
          },
          "sensitive_attributes": [],
          "private": "eyJlMmJmYjczMC1lY2FhLTExZTYtOGY4OC0zNDM2M2JjN2M0YzAiOnsiY3JlYXRlIjo2MDAwMDAwMDAwMDAsImRlbGV0ZSI6NjAwMDAwMDAwMDAwfX0=",
          "dependencies": [
            "module.ext-transit-nonprod.huaweicloud_vpc.default",
            "module.ext_transit_vpc_2_int_transit_vpc.huaweicloud_vpc_peering_connection.requester",
            "module.int-transit-nonprod.huaweicloud_vpc.default"
          ]
        }
      ]
    },
    {
      "module": "module.ext_transit_vpc_2_int_transit_vpc",
      "mode": "managed",
      "type": "huaweicloud_vpc_route",
      "name": "requester_route",
      "provider": "provider[\"registry.terraform.io/huaweicloud/huaweicloud\"].general_service",
      "instances": [
        {
          "schema_version": 0,
          "attributes": {
            "description": "",
            "destination": "10.80.8.96/27",
            "id": "9839484d-d965-41f9-a83a-1971704c6461/10.80.8.96/27",
            "nexthop": "b398fefb-8c09-4ec3-890d-77211f6ab3f8",
            "region": "ap-southeast-2",
            "route_table_id": "9839484d-d965-41f9-a83a-1971704c6461",
            "route_table_name": "rtb-ext-transit-nonprod",
            "timeouts": null,
            "type": "peering",
            "vpc_id": "1984341f-83bd-4e05-a363-6c919be0440a"
          },
          "sensitive_attributes": [],
          "private": "eyJlMmJmYjczMC1lY2FhLTExZTYtOGY4OC0zNDM2M2JjN2M0YzAiOnsiY3JlYXRlIjo2MDAwMDAwMDAwMDAsImRlbGV0ZSI6NjAwMDAwMDAwMDAwfX0=",
          "dependencies": [
            "module.ext-transit-nonprod.huaweicloud_vpc.default",
            "module.ext_transit_vpc_2_int_transit_vpc.huaweicloud_vpc_peering_connection.requester",
            "module.int-transit-nonprod.huaweicloud_vpc.default"
          ]
        }
      ]
    },
    {
      "module": "module.ingress_vpc_2_int_transit_vpc",
      "mode": "managed",
      "type": "huaweicloud_vpc_peering_connection",
      "name": "requester",
      "provider": "provider[\"registry.terraform.io/huaweicloud/huaweicloud\"].general_service",
      "instances": [
        {
          "schema_version": 0,
          "attributes": {
            "id": "327812e7-f1c0-4728-8352-f790ba3d536c",
            "name": "Ingress-nonprod_peering_int-transit-nonprod",
            "peer_tenant_id": "5f5667c0ef7b4bb1821b974e100653a7",
            "peer_vpc_id": "e5a91052-cc1e-48e4-9b23-b12a135d8359",
            "region": "ap-southeast-2",
            "status": "ACTIVE",
            "timeouts": null,
            "vpc_id": "7540142b-8187-4ea5-a42c-9efedbd69f68"
          },
          "sensitive_attributes": [],
          "private": "eyJlMmJmYjczMC1lY2FhLTExZTYtOGY4OC0zNDM2M2JjN2M0YzAiOnsiY3JlYXRlIjo2MDAwMDAwMDAwMDAsImRlbGV0ZSI6NjAwMDAwMDAwMDAwfX0=",
          "dependencies": [
            "module.Ingress-nonprod.huaweicloud_vpc.default",
            "module.int-transit-nonprod.huaweicloud_vpc.default"
          ]
        }
      ]
    },
    {
      "module": "module.ingress_vpc_2_int_transit_vpc",
      "mode": "managed",
      "type": "huaweicloud_vpc_route",
      "name": "accepter_route",
      "provider": "provider[\"registry.terraform.io/huaweicloud/huaweicloud\"].general_service",
      "instances": [
        {
          "schema_version": 0,
          "attributes": {
            "description": "",
            "destination": "10.80.8.32/27",
            "id": "0ccc2a7f-67ba-468a-bf13-a1f9a5f2649d/10.80.8.32/27",
            "nexthop": "327812e7-f1c0-4728-8352-f790ba3d536c",
            "region": "ap-southeast-2",
            "route_table_id": "0ccc2a7f-67ba-468a-bf13-a1f9a5f2649d",
            "route_table_name": "rtb-int-transit-nonprod",
            "timeouts": null,
            "type": "peering",
            "vpc_id": "e5a91052-cc1e-48e4-9b23-b12a135d8359"
          },
          "sensitive_attributes": [],
          "private": "eyJlMmJmYjczMC1lY2FhLTExZTYtOGY4OC0zNDM2M2JjN2M0YzAiOnsiY3JlYXRlIjo2MDAwMDAwMDAwMDAsImRlbGV0ZSI6NjAwMDAwMDAwMDAwfX0=",
          "dependencies": [
            "module.Ingress-nonprod.huaweicloud_vpc.default",
            "module.ingress_vpc_2_int_transit_vpc.huaweicloud_vpc_peering_connection.requester",
            "module.int-transit-nonprod.huaweicloud_vpc.default"
          ]
        }
      ]
    },
    {
      "module": "module.ingress_vpc_2_int_transit_vpc",
      "mode": "managed",
      "type": "huaweicloud_vpc_route",
      "name": "requester_route",
      "provider": "provider[\"registry.terraform.io/huaweicloud/huaweicloud\"].general_service",
      "instances": [
        {
          "schema_version": 0,
          "attributes": {
            "description": "",
            "destination": "10.80.8.96/27",
            "id": "cffe02b7-48bc-4de2-9e84-b793026270c6/10.80.8.96/27",
            "nexthop": "327812e7-f1c0-4728-8352-f790ba3d536c",
            "region": "ap-southeast-2",
            "route_table_id": "cffe02b7-48bc-4de2-9e84-b793026270c6",
            "route_table_name": "rtb-Ingress-nonprod",
            "timeouts": null,
            "type": "peering",
            "vpc_id": "7540142b-8187-4ea5-a42c-9efedbd69f68"
          },
          "sensitive_attributes": [],
          "private": "eyJlMmJmYjczMC1lY2FhLTExZTYtOGY4OC0zNDM2M2JjN2M0YzAiOnsiY3JlYXRlIjo2MDAwMDAwMDAwMDAsImRlbGV0ZSI6NjAwMDAwMDAwMDAwfX0=",
          "dependencies": [
            "module.Ingress-nonprod.huaweicloud_vpc.default",
            "module.ingress_vpc_2_int_transit_vpc.huaweicloud_vpc_peering_connection.requester",
            "module.int-transit-nonprod.huaweicloud_vpc.default"
          ]
        }
      ]
    },
    {
      "module": "module.int-transit-nonprod",
      "mode": "managed",
      "type": "huaweicloud_vpc",
      "name": "default",
      "provider": "provider[\"registry.terraform.io/huaweicloud/huaweicloud\"].general_service",
      "instances": [
        {
          "schema_version": 0,
          "attributes": {
            "cidr": "10.80.8.96/27",
            "description": "",
            "enterprise_project_id": "0",
            "id": "e5a91052-cc1e-48e4-9b23-b12a135d8359",
            "name": "int-transit-nonprod",
            "region": "ap-southeast-2",
            "routes": [],
            "secondary_cidr": null,
            "status": "OK",
            "tags": {
              "Name": "int-transit-nonprod"
            },
            "timeouts": null
          },
          "sensitive_attributes": [],
          "private": "eyJlMmJmYjczMC1lY2FhLTExZTYtOGY4OC0zNDM2M2JjN2M0YzAiOnsiY3JlYXRlIjo2MDAwMDAwMDAwMDAsImRlbGV0ZSI6MTgwMDAwMDAwMDAwfX0="
        }
      ]
    },
    {
      "module": "module.int-transit-nonprod",
      "mode": "managed",
      "type": "huaweicloud_vpc_subnet",
      "name": "private_subnet",
      "provider": "provider[\"registry.terraform.io/huaweicloud/huaweicloud\"].general_service",
      "instances": [
        {
          "index_key": 0,
          "schema_version": 0,
          "attributes": {
            "availability_zone": "",
            "cidr": "10.80.8.96/27",
            "description": "",
            "dhcp_enable": true,
            "dns_list": [
              "100.125.1.250",
              "100.125.128.250"
            ],
            "gateway_ip": "10.80.8.97",
            "id": "b8d1798c-8a19-4b48-85fd-054f27b059a0",
            "ipv6_cidr": "",
            "ipv6_enable": false,
            "ipv6_gateway": "",
            "ipv6_subnet_id": "",
            "name": "private_subnet",
            "primary_dns": "100.125.1.250",
            "region": "ap-southeast-2",
            "secondary_dns": "100.125.128.250",
            "subnet_id": "8afa5dbe-5d1b-446e-9e01-2a3dc317216b",
            "tags": {
              "Name": "private_subnet"
            },
            "timeouts": null,
            "vpc_id": "e5a91052-cc1e-48e4-9b23-b12a135d8359"
          },
          "sensitive_attributes": [],
          "private": "eyJlMmJmYjczMC1lY2FhLTExZTYtOGY4OC0zNDM2M2JjN2M0YzAiOnsiY3JlYXRlIjozMDAwMDAwMDAwMDAsImRlbGV0ZSI6MzAwMDAwMDAwMDAwfX0=",
          "dependencies": [
            "module.int-transit-nonprod.huaweicloud_vpc.default"
          ]
        }
      ]
    }
  ],
  "check_results": null
}
