{
  "version": 4,
  "terraform_version": "1.3.7",
  "serial": 13,
  "lineage": "c3d7d0b7-d596-688b-4b1a-c4eee1942bf0",
  "outputs": {},
  "resources": [
    {
      "mode": "data",
      "type": "huaweicloud_availability_zones",
      "name": "myaz",
      "provider": "provider[\"registry.terraform.io/huaweicloud/huaweicloud\"].general_service",
      "instances": [
        {
          "schema_version": 0,
          "attributes": {
            "id": "1768895711",
            "names": [
              "ap-southeast-2a",
              "ap-southeast-2b",
              "ap-southeast-2c"
            ],
            "region": null,
            "state": "available"
          },
          "sensitive_attributes": []
        }
      ]
    },
    {
      "mode": "data",
      "type": "huaweicloud_compute_flavors",
      "name": "myflavor",
      "provider": "provider[\"registry.terraform.io/huaweicloud/huaweicloud\"].general_service",
      "instances": [
        {
          "schema_version": 0,
          "attributes": {
            "availability_zone": "ap-southeast-2a",
            "cpu_core_count": 2,
            "generation": null,
            "id": "1866167194",
            "ids": [
              "c3.large.2",
              "c3ne.large.2",
              "c6.large.2",
              "c6s.large.2"
            ],
            "memory_size": 4,
            "performance_type": "computingv3",
            "region": "ap-southeast-2"
          },
          "sensitive_attributes": []
        }
      ]
    },
    {
      "mode": "data",
      "type": "huaweicloud_images_image",
      "name": "myimage",
      "provider": "provider[\"registry.terraform.io/huaweicloud/huaweicloud\"].general_service",
      "instances": [
        {
          "schema_version": 0,
          "attributes": {
            "architecture": null,
            "checksum": "d41d8cd98f00b204e9800998ecf8427e",
            "container_format": "bare",
            "created_at": "2020-10-09T15:00:06Z",
            "disk_format": "zvhd2",
            "enterprise_project_id": "",
            "file": "/v2/images/42482a40-2ff8-41a5-ac02-01701c1b644f/file",
            "id": "42482a40-2ff8-41a5-ac02-01701c1b644f",
            "image_type": "FusionCompute",
            "metadata": null,
            "min_disk_gb": 40,
            "min_ram_mb": 1024,
            "most_recent": true,
            "name": "Ubuntu 20.04 server 64bit",
            "name_regex": null,
            "os": "Ubuntu",
            "os_version": "Ubuntu 20.04 server 64bit",
            "owner": "51e6a67e20df47a08a1f6528bbbd18f7",
            "protected": true,
            "region": null,
            "schema": "/v2/schemas/image",
            "size_bytes": 2219290624,
            "size_max": null,
            "size_min": null,
            "sort_direction": "asc",
            "sort_key": "name",
            "status": "active",
            "tag": null,
            "updated_at": "2022-09-15T09:18:58Z",
            "visibility": "public"
          },
          "sensitive_attributes": []
        }
      ]
    },
    {
      "mode": "data",
      "type": "terraform_remote_state",
      "name": "network",
      "provider": "provider[\"terraform.io/builtin/terraform\"]",
      "instances": [
        {
          "schema_version": 0,
          "attributes": {
            "backend": "local",
            "config": {
              "value": {
                "path": "../../hfa-core-account-playbook/1.hfa-network-playbook/terraform.tfstate"
              },
              "type": [
                "object",
                {
                  "path": "string"
                }
              ]
            },
            "defaults": null,
            "outputs": {
              "value": {
                "Ingress-nonprod-subnet-id": "d3e4fb3b-d93a-433f-af93-f5f77b99048f",
                "Ingress-nonprod-vpc-id": "7540142b-8187-4ea5-a42c-9efedbd69f68",
                "egress-nonprod-nat-gw-id": "3b3fc80d-2e5c-4098-95cc-1ecb21b0db09",
                "egress-nonprod-subnet-id": "52443683-d4ff-492f-991b-e9ef5220aaf0",
                "egress-nonprod-vpc-id": "1dd74999-304e-4647-b45c-2e626dbc17f0",
                "ext-transit-nonprod-subnet-id": "070a5f66-56b2-4a3b-a855-f8ab1e078d8e",
                "ext-transit-nonprod-vpc-id": "1984341f-83bd-4e05-a363-6c919be0440a",
                "int-transit-nonprod-subnet-id": "b8d1798c-8a19-4b48-85fd-054f27b059a0",
                "int-transit-nonprod-vpc-id": "e5a91052-cc1e-48e4-9b23-b12a135d8359"
              },
              "type": [
                "object",
                {
                  "Ingress-nonprod-subnet-id": "string",
                  "Ingress-nonprod-vpc-id": "string",
                  "egress-nonprod-nat-gw-id": "string",
                  "egress-nonprod-subnet-id": "string",
                  "egress-nonprod-vpc-id": "string",
                  "ext-transit-nonprod-subnet-id": "string",
                  "ext-transit-nonprod-vpc-id": "string",
                  "int-transit-nonprod-subnet-id": "string",
                  "int-transit-nonprod-vpc-id": "string"
                }
              ]
            },
            "workspace": null
          },
          "sensitive_attributes": []
        }
      ]
    },
    {
      "mode": "managed",
      "type": "huaweicloud_compute_instance",
      "name": "ecs-Ingress-nonprod",
      "provider": "provider[\"registry.terraform.io/huaweicloud/huaweicloud\"].general_service",
      "instances": [
        {
          "schema_version": 0,
          "attributes": {
            "access_ip_v4": "10.80.8.34",
            "access_ip_v6": "",
            "admin_pass": null,
            "agency_name": "",
            "agent_list": "",
            "auto_pay": null,
            "auto_renew": null,
            "availability_zone": "ap-southeast-2a",
            "bandwidth": [],
            "block_device": [],
            "charging_mode": "postPaid",
            "data_disks": [],
            "delete_disks_on_termination": null,
            "delete_eip_on_termination": true,
            "eip_id": null,
            "eip_type": null,
            "enterprise_project_id": "0",
            "flavor_id": "c3.large.2",
            "flavor_name": "c3.large.2",
            "id": "b61090d7-9151-419a-a1f9-c628e0671f0a",
            "image_id": "42482a40-2ff8-41a5-ac02-01701c1b644f",
            "image_name": "Ubuntu 20.04 server 64bit",
            "key_pair": null,
            "metadata": null,
            "name": "ecs-Ingress-nonprod",
            "network": [
              {
                "access_network": false,
                "fixed_ip_v4": "10.80.8.34",
                "fixed_ip_v6": "",
                "ipv6_enable": false,
                "mac": "fa:16:3e:b8:70:8a",
                "port": "b9aa07c1-5165-45d0-a616-c374bc830b78",
                "source_dest_check": true,
                "uuid": "d3e4fb3b-d93a-433f-af93-f5f77b99048f"
              }
            ],
            "period": null,
            "period_unit": null,
            "power_action": null,
            "public_ip": null,
            "region": "ap-southeast-2",
            "scheduler_hints": [],
            "security_group_ids": [
              "f4b57152-478b-46e6-abe8-809e5572356f"
            ],
            "security_groups": [
              "sg-transit-icmp"
            ],
            "status": "ACTIVE",
            "stop_before_destroy": false,
            "system_disk_id": "abb8e045-3724-4b80-b830-02cc1d3f6ea3",
            "system_disk_size": 40,
            "system_disk_type": "GPSSD",
            "tags": null,
            "timeouts": null,
            "user_data": "b002acbe228a03d4857be31a4ecdb79711a1ecd9",
            "user_id": null,
            "volume_attached": [
              {
                "boot_index": 0,
                "pci_address": "0000:02:01.0",
                "size": 40,
                "type": "GPSSD",
                "volume_id": "abb8e045-3724-4b80-b830-02cc1d3f6ea3"
              }
            ]
          },
          "sensitive_attributes": [],
          "private": "eyJlMmJmYjczMC1lY2FhLTExZTYtOGY4OC0zNDM2M2JjN2M0YzAiOnsiY3JlYXRlIjoxODAwMDAwMDAwMDAwLCJkZWxldGUiOjE4MDAwMDAwMDAwMDAsInVwZGF0ZSI6MTgwMDAwMDAwMDAwMH19",
          "dependencies": [
            "data.huaweicloud_availability_zones.myaz",
            "data.huaweicloud_compute_flavors.myflavor",
            "data.huaweicloud_images_image.myimage",
            "data.terraform_remote_state.network",
            "huaweicloud_networking_secgroup.sg_transit"
          ]
        }
      ]
    },
    {
      "mode": "managed",
      "type": "huaweicloud_compute_instance",
      "name": "ecs-egress-nonprod",
      "provider": "provider[\"registry.terraform.io/huaweicloud/huaweicloud\"].general_service",
      "instances": [
        {
          "schema_version": 0,
          "attributes": {
            "access_ip_v4": "10.80.8.2",
            "access_ip_v6": "",
            "admin_pass": null,
            "agency_name": "",
            "agent_list": "",
            "auto_pay": null,
            "auto_renew": null,
            "availability_zone": "ap-southeast-2a",
            "bandwidth": [],
            "block_device": [],
            "charging_mode": "postPaid",
            "data_disks": [],
            "delete_disks_on_termination": null,
            "delete_eip_on_termination": true,
            "eip_id": null,
            "eip_type": null,
            "enterprise_project_id": "0",
            "flavor_id": "c3.large.2",
            "flavor_name": "c3.large.2",
            "id": "cf17f73a-58b0-45a7-90dd-554e8dee7ec0",
            "image_id": "42482a40-2ff8-41a5-ac02-01701c1b644f",
            "image_name": "Ubuntu 20.04 server 64bit",
            "key_pair": null,
            "metadata": null,
            "name": "ecs-egress-nonprod",
            "network": [
              {
                "access_network": false,
                "fixed_ip_v4": "10.80.8.2",
                "fixed_ip_v6": "",
                "ipv6_enable": false,
                "mac": "fa:16:3e:40:f8:f2",
                "port": "7cc1e4a2-6813-49d5-8dbc-743b4523d9c7",
                "source_dest_check": true,
                "uuid": "52443683-d4ff-492f-991b-e9ef5220aaf0"
              }
            ],
            "period": null,
            "period_unit": null,
            "power_action": null,
            "public_ip": null,
            "region": "ap-southeast-2",
            "scheduler_hints": [],
            "security_group_ids": [
              "f4b57152-478b-46e6-abe8-809e5572356f"
            ],
            "security_groups": [
              "sg-transit-icmp"
            ],
            "status": "ACTIVE",
            "stop_before_destroy": false,
            "system_disk_id": "a98f1822-9fcf-40a8-a511-dff563bb448c",
            "system_disk_size": 40,
            "system_disk_type": "GPSSD",
            "tags": {},
            "timeouts": null,
            "user_data": "b002acbe228a03d4857be31a4ecdb79711a1ecd9",
            "user_id": null,
            "volume_attached": [
              {
                "boot_index": 0,
                "pci_address": "0000:02:01.0",
                "size": 40,
                "type": "GPSSD",
                "volume_id": "a98f1822-9fcf-40a8-a511-dff563bb448c"
              }
            ]
          },
          "sensitive_attributes": [],
          "private": "eyJlMmJmYjczMC1lY2FhLTExZTYtOGY4OC0zNDM2M2JjN2M0YzAiOnsiY3JlYXRlIjoxODAwMDAwMDAwMDAwLCJkZWxldGUiOjE4MDAwMDAwMDAwMDAsInVwZGF0ZSI6MTgwMDAwMDAwMDAwMH19",
          "dependencies": [
            "data.huaweicloud_availability_zones.myaz",
            "data.huaweicloud_compute_flavors.myflavor",
            "data.huaweicloud_images_image.myimage",
            "data.terraform_remote_state.network",
            "huaweicloud_networking_secgroup.sg_transit"
          ]
        }
      ]
    },
    {
      "mode": "managed",
      "type": "huaweicloud_compute_instance",
      "name": "ecs-ext-transit-nonprod",
      "provider": "provider[\"registry.terraform.io/huaweicloud/huaweicloud\"].general_service",
      "instances": [
        {
          "schema_version": 0,
          "attributes": {
            "access_ip_v4": "10.80.8.66",
            "access_ip_v6": "",
            "admin_pass": null,
            "agency_name": "",
            "agent_list": "",
            "auto_pay": null,
            "auto_renew": null,
            "availability_zone": "ap-southeast-2a",
            "bandwidth": [],
            "block_device": [],
            "charging_mode": "postPaid",
            "data_disks": [],
            "delete_disks_on_termination": null,
            "delete_eip_on_termination": true,
            "eip_id": null,
            "eip_type": null,
            "enterprise_project_id": "0",
            "flavor_id": "c3.large.2",
            "flavor_name": "c3.large.2",
            "id": "afb612f1-6480-44e1-b0f9-6f858c17d306",
            "image_id": "42482a40-2ff8-41a5-ac02-01701c1b644f",
            "image_name": "Ubuntu 20.04 server 64bit",
            "key_pair": null,
            "metadata": null,
            "name": "ecs-ext-transit-nonprod",
            "network": [
              {
                "access_network": false,
                "fixed_ip_v4": "10.80.8.66",
                "fixed_ip_v6": "",
                "ipv6_enable": false,
                "mac": "fa:16:3e:5a:12:4c",
                "port": "2cff5274-767d-4656-a394-b1d8d232e3be",
                "source_dest_check": true,
                "uuid": "070a5f66-56b2-4a3b-a855-f8ab1e078d8e"
              }
            ],
            "period": null,
            "period_unit": null,
            "power_action": null,
            "public_ip": null,
            "region": "ap-southeast-2",
            "scheduler_hints": [],
            "security_group_ids": [
              "f4b57152-478b-46e6-abe8-809e5572356f"
            ],
            "security_groups": [
              "sg-transit-icmp"
            ],
            "status": "ACTIVE",
            "stop_before_destroy": false,
            "system_disk_id": "3a3d95a3-fd63-4b80-aa9b-108e1183718b",
            "system_disk_size": 40,
            "system_disk_type": "GPSSD",
            "tags": {},
            "timeouts": null,
            "user_data": "b002acbe228a03d4857be31a4ecdb79711a1ecd9",
            "user_id": null,
            "volume_attached": [
              {
                "boot_index": 0,
                "pci_address": "0000:02:01.0",
                "size": 40,
                "type": "GPSSD",
                "volume_id": "3a3d95a3-fd63-4b80-aa9b-108e1183718b"
              }
            ]
          },
          "sensitive_attributes": [],
          "private": "eyJlMmJmYjczMC1lY2FhLTExZTYtOGY4OC0zNDM2M2JjN2M0YzAiOnsiY3JlYXRlIjoxODAwMDAwMDAwMDAwLCJkZWxldGUiOjE4MDAwMDAwMDAwMDAsInVwZGF0ZSI6MTgwMDAwMDAwMDAwMH19",
          "dependencies": [
            "data.huaweicloud_availability_zones.myaz",
            "data.huaweicloud_compute_flavors.myflavor",
            "data.huaweicloud_images_image.myimage",
            "data.terraform_remote_state.network",
            "huaweicloud_networking_secgroup.sg_transit"
          ]
        }
      ]
    },
    {
      "mode": "managed",
      "type": "huaweicloud_compute_instance",
      "name": "ecs-int-transit-nonprod",
      "provider": "provider[\"registry.terraform.io/huaweicloud/huaweicloud\"].general_service",
      "instances": [
        {
          "schema_version": 0,
          "attributes": {
            "access_ip_v4": "10.80.8.101",
            "access_ip_v6": "",
            "admin_pass": null,
            "agency_name": "",
            "agent_list": "",
            "auto_pay": null,
            "auto_renew": null,
            "availability_zone": "ap-southeast-2a",
            "bandwidth": [],
            "block_device": [],
            "charging_mode": "postPaid",
            "data_disks": [],
            "delete_disks_on_termination": null,
            "delete_eip_on_termination": true,
            "eip_id": null,
            "eip_type": null,
            "enterprise_project_id": "0",
            "flavor_id": "c3.large.2",
            "flavor_name": "c3.large.2",
            "id": "35137669-5b49-4a6b-96a5-151c17e9c186",
            "image_id": "42482a40-2ff8-41a5-ac02-01701c1b644f",
            "image_name": "Ubuntu 20.04 server 64bit",
            "key_pair": null,
            "metadata": null,
            "name": "ecs-int-transit-nonprod",
            "network": [
              {
                "access_network": false,
                "fixed_ip_v4": "10.80.8.101",
                "fixed_ip_v6": "",
                "ipv6_enable": false,
                "mac": "fa:16:3e:a9:61:be",
                "port": "eed1477b-43c1-4f7c-bc12-d79cd8f77fd2",
                "source_dest_check": true,
                "uuid": "b8d1798c-8a19-4b48-85fd-054f27b059a0"
              }
            ],
            "period": null,
            "period_unit": null,
            "power_action": null,
            "public_ip": null,
            "region": "ap-southeast-2",
            "scheduler_hints": [],
            "security_group_ids": [
              "f4b57152-478b-46e6-abe8-809e5572356f"
            ],
            "security_groups": [
              "sg-transit-icmp"
            ],
            "status": "ACTIVE",
            "stop_before_destroy": false,
            "system_disk_id": "52a574b3-d9d1-456e-ba3c-fec72ed3eea6",
            "system_disk_size": 40,
            "system_disk_type": "GPSSD",
            "tags": {},
            "timeouts": null,
            "user_data": "b002acbe228a03d4857be31a4ecdb79711a1ecd9",
            "user_id": null,
            "volume_attached": [
              {
                "boot_index": 0,
                "pci_address": "0000:02:01.0",
                "size": 40,
                "type": "GPSSD",
                "volume_id": "52a574b3-d9d1-456e-ba3c-fec72ed3eea6"
              }
            ]
          },
          "sensitive_attributes": [],
          "private": "eyJlMmJmYjczMC1lY2FhLTExZTYtOGY4OC0zNDM2M2JjN2M0YzAiOnsiY3JlYXRlIjoxODAwMDAwMDAwMDAwLCJkZWxldGUiOjE4MDAwMDAwMDAwMDAsInVwZGF0ZSI6MTgwMDAwMDAwMDAwMH19",
          "dependencies": [
            "data.huaweicloud_availability_zones.myaz",
            "data.huaweicloud_compute_flavors.myflavor",
            "data.huaweicloud_images_image.myimage",
            "data.terraform_remote_state.network",
            "huaweicloud_networking_secgroup.sg_transit"
          ]
        }
      ]
    },
    {
      "mode": "managed",
      "type": "huaweicloud_networking_secgroup",
      "name": "sg_transit",
      "provider": "provider[\"registry.terraform.io/huaweicloud/huaweicloud\"].general_service",
      "instances": [
        {
          "schema_version": 0,
          "attributes": {
            "created_at": "2023-02-17T07:41:51Z",
            "delete_default_rules": null,
            "description": "",
            "enterprise_project_id": "0",
            "id": "f4b57152-478b-46e6-abe8-809e5572356f",
            "name": "sg-transit-icmp",
            "region": "ap-southeast-2",
            "rules": [
              {
                "description": "",
                "direction": "ingress",
                "ethertype": "IPv4",
                "id": "0c8d170b-9cd0-4602-a740-4f44a5a970c9",
                "port_range_max": 0,
                "port_range_min": 0,
                "ports": "",
                "protocol": "icmp",
                "remote_group_id": "",
                "remote_ip_prefix": "0.0.0.0/0"
              },
              {
                "description": "",
                "direction": "egress",
                "ethertype": "IPv4",
                "id": "a72fb1af-a0c2-467d-8823-0a8a24b56ec0",
                "port_range_max": 0,
                "port_range_min": 0,
                "ports": "",
                "protocol": "",
                "remote_group_id": "",
                "remote_ip_prefix": ""
              },
              {
                "description": "",
                "direction": "ingress",
                "ethertype": "IPv4",
                "id": "b13594f3-76c9-4410-bd48-d21cc43a5c41",
                "port_range_max": 0,
                "port_range_min": 0,
                "ports": "",
                "protocol": "",
                "remote_group_id": "f4b57152-478b-46e6-abe8-809e5572356f",
                "remote_ip_prefix": ""
              },
              {
                "description": "",
                "direction": "egress",
                "ethertype": "IPv6",
                "id": "2b7cb675-14ae-45df-ab74-7296a9092f3f",
                "port_range_max": 0,
                "port_range_min": 0,
                "ports": "",
                "protocol": "",
                "remote_group_id": "",
                "remote_ip_prefix": ""
              },
              {
                "description": "",
                "direction": "ingress",
                "ethertype": "IPv6",
                "id": "9fc3dc89-a080-4452-9d69-6f083760beca",
                "port_range_max": 0,
                "port_range_min": 0,
                "ports": "",
                "protocol": "",
                "remote_group_id": "f4b57152-478b-46e6-abe8-809e5572356f",
                "remote_ip_prefix": ""
              }
            ],
            "timeouts": null,
            "updated_at": "2023-02-17T07:41:51Z"
          },
          "sensitive_attributes": [],
          "private": "eyJlMmJmYjczMC1lY2FhLTExZTYtOGY4OC0zNDM2M2JjN2M0YzAiOnsiZGVsZXRlIjo2MDAwMDAwMDAwMDB9fQ=="
        }
      ]
    },
    {
      "mode": "managed",
      "type": "huaweicloud_networking_secgroup_rule",
      "name": "sg_rule_transit",
      "provider": "provider[\"registry.terraform.io/huaweicloud/huaweicloud\"].general_service",
      "instances": [
        {
          "schema_version": 0,
          "attributes": {
            "description": "",
            "direction": "ingress",
            "ethertype": "IPv4",
            "id": "0c8d170b-9cd0-4602-a740-4f44a5a970c9",
            "port_range_max": 0,
            "port_range_min": 0,
            "ports": "",
            "protocol": "icmp",
            "region": "ap-southeast-2",
            "remote_group_id": "",
            "remote_ip_prefix": "0.0.0.0/0",
            "security_group_id": "f4b57152-478b-46e6-abe8-809e5572356f",
            "timeouts": null
          },
          "sensitive_attributes": [],
          "private": "eyJlMmJmYjczMC1lY2FhLTExZTYtOGY4OC0zNDM2M2JjN2M0YzAiOnsiZGVsZXRlIjo2MDAwMDAwMDAwMDB9fQ==",
          "dependencies": [
            "huaweicloud_networking_secgroup.sg_transit"
          ]
        }
      ]
    }
  ],
  "check_results": null
}
