{
  "version": 4,
  "terraform_version": "1.3.7",
  "serial": 41,
  "lineage": "e4f4ccd6-9fb1-c9a2-8dbf-bd0e7a2fa006",
  "outputs": {
    "common_private_subnet_id": {
      "value": "2437a6d7-d885-444b-a5cd-110a3aa17bfd",
      "type": "string"
    },
    "common_requester_vpc_peering_id": {
      "value": "224bdf82-db0c-4d52-987e-c4c36eb9d21c",
      "type": "string"
    },
    "common_vpc_id": {
      "value": "5a87a3ed-5fea-4857-b60f-f62c1be4f1b2",
      "type": "string"
    },
    "security_private_subnet_id": {
      "value": "7e3f837f-1956-4139-8ab4-a416a85e1774",
      "type": "string"
    },
    "security_vpc_id": {
      "value": "ef719ed1-c727-42b7-a8b9-58fab343d412",
      "type": "string"
    },
    "transit_egress_nat_gw_eip": {
      "value": "e7e16e76-85c7-48d5-9a2d-325738d1b023",
      "type": "string"
    },
    "transit_egress_nat_gw_id": {
      "value": "b2adbc58-91f7-41d0-a655-b769633e2147",
      "type": "string"
    },
    "transit_nonprod_egress_subnet_id": {
      "value": "c1d66aaa-b3b0-4f46-8f09-c72163aae5af",
      "type": "string"
    },
    "transit_nonprod_egress_vpc_id": {
      "value": "e523f9dc-b809-4de5-b95f-876a815d29b6",
      "type": "string"
    },
    "transit_prod_egress_subnet_id": {
      "value": "7a5b9f53-0816-41c3-8400-0b250d74c07c",
      "type": "string"
    },
    "transit_prod_egress_vpc_id": {
      "value": "9c01171e-e76d-43d7-82ae-9cb560b276fa",
      "type": "string"
    },
    "transit_prod_ingress_subnet_id": {
      "value": "6515bdb7-9a1a-4dcc-967d-8c744fdd6dab",
      "type": "string"
    },
    "transit_prod_ingress_vpc_id": {
      "value": "e05dbca5-e026-47f0-a208-6870483d8b37",
      "type": "string"
    }
  },
  "resources": [
    {
      "mode": "managed",
      "type": "huaweicloud_nat_snat_rule",
      "name": "egress_snat_rule_for_common_service",
      "provider": "provider[\"registry.terraform.io/huaweicloud/huaweicloud\"].general_service",
      "instances": [
        {
          "schema_version": 0,
          "attributes": {
            "cidr": "10.16.0.0/16",
            "description": "",
            "floating_ip_address": "190.92.213.231",
            "floating_ip_id": "e7e16e76-85c7-48d5-9a2d-325738d1b023",
            "id": "44653655-c311-4a36-9d0e-0334c323fce0",
            "nat_gateway_id": "b2adbc58-91f7-41d0-a655-b769633e2147",
            "network_id": null,
            "region": "ap-southeast-3",
            "source_type": 0,
            "status": "ACTIVE",
            "subnet_id": "",
            "timeouts": null
          },
          "sensitive_attributes": [],
          "private": "eyJlMmJmYjczMC1lY2FhLTExZTYtOGY4OC0zNDM2M2JjN2M0YzAiOnsiY3JlYXRlIjo2MDAwMDAwMDAwMDAsImRlbGV0ZSI6NjAwMDAwMDAwMDAwLCJ1cGRhdGUiOjYwMDAwMDAwMDAwMH19",
          "dependencies": [
            "module.transit_service_prod_egress_vpc.huaweicloud_nat_gateway.egress_nat",
            "module.transit_service_prod_egress_vpc.huaweicloud_vpc.default",
            "module.transit_service_prod_egress_vpc.huaweicloud_vpc_eip.nat_eip",
            "module.transit_service_prod_egress_vpc.huaweicloud_vpc_subnet.egress_subnet"
          ]
        }
      ]
    },
    {
      "mode": "managed",
      "type": "huaweicloud_vpc_route",
      "name": "common_2_security_route",
      "provider": "provider[\"registry.terraform.io/huaweicloud/huaweicloud\"].general_service",
      "instances": [
        {
          "schema_version": 0,
          "attributes": {
            "description": "",
            "destination": "10.17.0.0/16",
            "id": "7f60334c-303a-4c6d-9e4b-473876246edf/10.17.0.0/16",
            "nexthop": "224bdf82-db0c-4d52-987e-c4c36eb9d21c",
            "region": "ap-southeast-3",
            "route_table_id": "7f60334c-303a-4c6d-9e4b-473876246edf",
            "route_table_name": "rtb-common_service_vpc",
            "timeouts": null,
            "type": "peering",
            "vpc_id": "5a87a3ed-5fea-4857-b60f-f62c1be4f1b2"
          },
          "sensitive_attributes": [],
          "private": "eyJlMmJmYjczMC1lY2FhLTExZTYtOGY4OC0zNDM2M2JjN2M0YzAiOnsiY3JlYXRlIjo2MDAwMDAwMDAwMDAsImRlbGV0ZSI6NjAwMDAwMDAwMDAwfX0=",
          "dependencies": [
            "module.common_service_vpc.huaweicloud_vpc.default",
            "module.common_service_vpc_2_transit_nonprod_egress_vpc.huaweicloud_vpc_peering_connection.requester",
            "module.transit_service_nonprod_egress_vpc.huaweicloud_vpc.default"
          ]
        }
      ]
    },
    {
      "mode": "managed",
      "type": "huaweicloud_vpc_route",
      "name": "security_2_common_route",
      "provider": "provider[\"registry.terraform.io/huaweicloud/huaweicloud\"].general_service",
      "instances": [
        {
          "schema_version": 0,
          "attributes": {
            "description": "",
            "destination": "10.16.0.0/16",
            "id": "bf704d77-c142-43bd-9b4b-cb70bab2359c/10.16.0.0/16",
            "nexthop": "41e35e10-d8b6-422d-968d-60a73530bfe4",
            "region": "ap-southeast-3",
            "route_table_id": "bf704d77-c142-43bd-9b4b-cb70bab2359c",
            "route_table_name": "rtb-security_service_vpc",
            "timeouts": null,
            "type": "peering",
            "vpc_id": "ef719ed1-c727-42b7-a8b9-58fab343d412"
          },
          "sensitive_attributes": [],
          "private": "eyJlMmJmYjczMC1lY2FhLTExZTYtOGY4OC0zNDM2M2JjN2M0YzAiOnsiY3JlYXRlIjo2MDAwMDAwMDAwMDAsImRlbGV0ZSI6NjAwMDAwMDAwMDAwfX0=",
          "dependencies": [
            "module.security_service_vpc.huaweicloud_vpc.default",
            "module.security_service_vpc_2_transit_nonprod_egress_vpc.huaweicloud_vpc_peering_connection.requester",
            "module.transit_service_nonprod_egress_vpc.huaweicloud_vpc.default"
          ]
        }
      ]
    },
    {
      "mode": "managed",
      "type": "huaweicloud_vpc_route",
      "name": "vpc_route",
      "provider": "provider[\"registry.terraform.io/huaweicloud/huaweicloud\"].general_service",
      "instances": [
        {
          "schema_version": 0,
          "attributes": {
            "description": "",
            "destination": "0.0.0.0/0",
            "id": "7f60334c-303a-4c6d-9e4b-473876246edf/0.0.0.0/0",
            "nexthop": "fef3a113-c53b-46f1-9f6d-59b7aac49750",
            "region": "ap-southeast-3",
            "route_table_id": "7f60334c-303a-4c6d-9e4b-473876246edf",
            "route_table_name": "rtb-common_service_vpc",
            "timeouts": null,
            "type": "peering",
            "vpc_id": "5a87a3ed-5fea-4857-b60f-f62c1be4f1b2"
          },
          "sensitive_attributes": [],
          "private": "eyJlMmJmYjczMC1lY2FhLTExZTYtOGY4OC0zNDM2M2JjN2M0YzAiOnsiY3JlYXRlIjo2MDAwMDAwMDAwMDAsImRlbGV0ZSI6NjAwMDAwMDAwMDAwfX0=",
          "dependencies": [
            "module.common_service_vpc.huaweicloud_vpc.default",
            "module.common_service_vpc_2_transit_prod_egress_vpc.huaweicloud_vpc_peering_connection.requester",
            "module.transit_service_prod_egress_vpc.huaweicloud_vpc.default"
          ]
        }
      ]
    },
    {
      "module": "module.common_service_vpc",
      "mode": "managed",
      "type": "huaweicloud_vpc",
      "name": "default",
      "provider": "provider[\"registry.terraform.io/huaweicloud/huaweicloud\"].general_service",
      "instances": [
        {
          "schema_version": 0,
          "attributes": {
            "cidr": "10.16.0.0/16",
            "description": "",
            "enterprise_project_id": "0",
            "id": "5a87a3ed-5fea-4857-b60f-f62c1be4f1b2",
            "name": "common_service_vpc",
            "region": "ap-southeast-3",
            "routes": [],
            "secondary_cidr": null,
            "status": "OK",
            "tags": {
              "Name": "common_service_vpc"
            },
            "timeouts": null
          },
          "sensitive_attributes": [],
          "private": "eyJlMmJmYjczMC1lY2FhLTExZTYtOGY4OC0zNDM2M2JjN2M0YzAiOnsiY3JlYXRlIjo2MDAwMDAwMDAwMDAsImRlbGV0ZSI6MTgwMDAwMDAwMDAwfX0="
        }
      ]
    },
    {
      "module": "module.common_service_vpc",
      "mode": "managed",
      "type": "huaweicloud_vpc_subnet",
      "name": "cce_subnet",
      "provider": "provider[\"registry.terraform.io/huaweicloud/huaweicloud\"].general_service",
      "instances": [
        {
          "index_key": 0,
          "schema_version": 0,
          "attributes": {
            "availability_zone": "",
            "cidr": "10.16.4.0/22",
            "description": "",
            "dhcp_enable": true,
            "dns_list": [
              "100.125.1.250",
              "100.125.128.250"
            ],
            "gateway_ip": "10.16.4.1",
            "id": "b2d27e50-b0b5-4593-8cfa-6e19c19af871",
            "ipv6_cidr": "",
            "ipv6_enable": false,
            "ipv6_gateway": "",
            "ipv6_subnet_id": "",
            "name": "cce_subnet",
            "primary_dns": "100.125.1.250",
            "region": "ap-southeast-3",
            "secondary_dns": "100.125.128.250",
            "subnet_id": "e7c8075b-5de6-4267-a2eb-df4c30ed4199",
            "tags": {
              "Name": "cce_subnet"
            },
            "timeouts": null,
            "vpc_id": "5a87a3ed-5fea-4857-b60f-f62c1be4f1b2"
          },
          "sensitive_attributes": [],
          "private": "eyJlMmJmYjczMC1lY2FhLTExZTYtOGY4OC0zNDM2M2JjN2M0YzAiOnsiY3JlYXRlIjozMDAwMDAwMDAwMDAsImRlbGV0ZSI6MzAwMDAwMDAwMDAwfX0=",
          "dependencies": [
            "module.common_service_vpc.huaweicloud_vpc.default"
          ]
        }
      ]
    },
    {
      "module": "module.common_service_vpc",
      "mode": "managed",
      "type": "huaweicloud_vpc_subnet",
      "name": "database_subnet",
      "provider": "provider[\"registry.terraform.io/huaweicloud/huaweicloud\"].general_service",
      "instances": [
        {
          "index_key": 0,
          "schema_version": 0,
          "attributes": {
            "availability_zone": "",
            "cidr": "10.16.10.0/24",
            "description": "",
            "dhcp_enable": true,
            "dns_list": [
              "100.125.1.250",
              "100.125.128.250"
            ],
            "gateway_ip": "10.16.10.1",
            "id": "a68e3213-6322-43af-bf88-7081d7aa5950",
            "ipv6_cidr": "",
            "ipv6_enable": false,
            "ipv6_gateway": "",
            "ipv6_subnet_id": "",
            "name": "database_subnet",
            "primary_dns": "100.125.1.250",
            "region": "ap-southeast-3",
            "secondary_dns": "100.125.128.250",
            "subnet_id": "4199f49f-d0bb-445f-9a88-4816f1db5374",
            "tags": {
              "Name": "database_subnet"
            },
            "timeouts": null,
            "vpc_id": "5a87a3ed-5fea-4857-b60f-f62c1be4f1b2"
          },
          "sensitive_attributes": [],
          "private": "eyJlMmJmYjczMC1lY2FhLTExZTYtOGY4OC0zNDM2M2JjN2M0YzAiOnsiY3JlYXRlIjozMDAwMDAwMDAwMDAsImRlbGV0ZSI6MzAwMDAwMDAwMDAwfX0=",
          "dependencies": [
            "module.common_service_vpc.huaweicloud_vpc.default"
          ]
        }
      ]
    },
    {
      "module": "module.common_service_vpc",
      "mode": "managed",
      "type": "huaweicloud_vpc_subnet",
      "name": "private_subnet",
      "provider": "provider[\"registry.terraform.io/huaweicloud/huaweicloud\"].general_service",
      "instances": [
        {
          "index_key": 0,
          "schema_version": 0,
          "attributes": {
            "availability_zone": "",
            "cidr": "10.16.0.0/22",
            "description": "",
            "dhcp_enable": true,
            "dns_list": [
              "100.125.1.250",
              "100.125.128.250"
            ],
            "gateway_ip": "10.16.0.1",
            "id": "2437a6d7-d885-444b-a5cd-110a3aa17bfd",
            "ipv6_cidr": "",
            "ipv6_enable": false,
            "ipv6_gateway": "",
            "ipv6_subnet_id": "",
            "name": "private_subnet",
            "primary_dns": "100.125.1.250",
            "region": "ap-southeast-3",
            "secondary_dns": "100.125.128.250",
            "subnet_id": "3828fea0-8718-46dc-a202-6cff0b504834",
            "tags": {
              "Name": "private_subnet"
            },
            "timeouts": null,
            "vpc_id": "5a87a3ed-5fea-4857-b60f-f62c1be4f1b2"
          },
          "sensitive_attributes": [],
          "private": "eyJlMmJmYjczMC1lY2FhLTExZTYtOGY4OC0zNDM2M2JjN2M0YzAiOnsiY3JlYXRlIjozMDAwMDAwMDAwMDAsImRlbGV0ZSI6MzAwMDAwMDAwMDAwfX0=",
          "dependencies": [
            "module.common_service_vpc.huaweicloud_vpc.default"
          ]
        }
      ]
    },
    {
      "module": "module.common_service_vpc_2_transit_nonprod_egress_vpc",
      "mode": "managed",
      "type": "huaweicloud_vpc_peering_connection",
      "name": "requester",
      "provider": "provider[\"registry.terraform.io/huaweicloud/huaweicloud\"].general_service",
      "instances": [
        {
          "schema_version": 0,
          "attributes": {
            "id": "224bdf82-db0c-4d52-987e-c4c36eb9d21c",
            "name": "common_service_vpc_peering_transit_nonprod_egress_vpc",
            "peer_tenant_id": "314b970e3a8b4da7bffdd283d2a68ec0",
            "peer_vpc_id": "e523f9dc-b809-4de5-b95f-876a815d29b6",
            "region": "ap-southeast-3",
            "status": "ACTIVE",
            "timeouts": null,
            "vpc_id": "5a87a3ed-5fea-4857-b60f-f62c1be4f1b2"
          },
          "sensitive_attributes": [],
          "private": "eyJlMmJmYjczMC1lY2FhLTExZTYtOGY4OC0zNDM2M2JjN2M0YzAiOnsiY3JlYXRlIjo2MDAwMDAwMDAwMDAsImRlbGV0ZSI6NjAwMDAwMDAwMDAwfX0=",
          "dependencies": [
            "module.common_service_vpc.huaweicloud_vpc.default",
            "module.transit_service_nonprod_egress_vpc.huaweicloud_vpc.default"
          ]
        }
      ]
    },
    {
      "module": "module.common_service_vpc_2_transit_nonprod_egress_vpc",
      "mode": "managed",
      "type": "huaweicloud_vpc_route",
      "name": "accepter_route",
      "provider": "provider[\"registry.terraform.io/huaweicloud/huaweicloud\"].general_service",
      "instances": [
        {
          "schema_version": 0,
          "attributes": {
            "description": "",
            "destination": "10.16.0.0/16",
            "id": "62bb64bb-d0df-43bc-a614-f8782c097e01/10.16.0.0/16",
            "nexthop": "224bdf82-db0c-4d52-987e-c4c36eb9d21c",
            "region": "ap-southeast-3",
            "route_table_id": "62bb64bb-d0df-43bc-a614-f8782c097e01",
            "route_table_name": "rtb-transit_nonprod_egress_vpc",
            "timeouts": null,
            "type": "peering",
            "vpc_id": "e523f9dc-b809-4de5-b95f-876a815d29b6"
          },
          "sensitive_attributes": [],
          "private": "eyJlMmJmYjczMC1lY2FhLTExZTYtOGY4OC0zNDM2M2JjN2M0YzAiOnsiY3JlYXRlIjo2MDAwMDAwMDAwMDAsImRlbGV0ZSI6NjAwMDAwMDAwMDAwfX0=",
          "dependencies": [
            "module.common_service_vpc.huaweicloud_vpc.default",
            "module.common_service_vpc_2_transit_nonprod_egress_vpc.huaweicloud_vpc_peering_connection.requester",
            "module.transit_service_nonprod_egress_vpc.huaweicloud_vpc.default"
          ]
        }
      ]
    },
    {
      "module": "module.common_service_vpc_2_transit_nonprod_egress_vpc",
      "mode": "managed",
      "type": "huaweicloud_vpc_route",
      "name": "requester_route",
      "provider": "provider[\"registry.terraform.io/huaweicloud/huaweicloud\"].general_service",
      "instances": [
        {
          "schema_version": 0,
          "attributes": {
            "description": "",
            "destination": "10.21.0.0/16",
            "id": "7f60334c-303a-4c6d-9e4b-473876246edf/10.21.0.0/16",
            "nexthop": "224bdf82-db0c-4d52-987e-c4c36eb9d21c",
            "region": "ap-southeast-3",
            "route_table_id": "7f60334c-303a-4c6d-9e4b-473876246edf",
            "route_table_name": "rtb-common_service_vpc",
            "timeouts": null,
            "type": "peering",
            "vpc_id": "5a87a3ed-5fea-4857-b60f-f62c1be4f1b2"
          },
          "sensitive_attributes": [],
          "private": "eyJlMmJmYjczMC1lY2FhLTExZTYtOGY4OC0zNDM2M2JjN2M0YzAiOnsiY3JlYXRlIjo2MDAwMDAwMDAwMDAsImRlbGV0ZSI6NjAwMDAwMDAwMDAwfX0=",
          "dependencies": [
            "module.common_service_vpc.huaweicloud_vpc.default",
            "module.common_service_vpc_2_transit_nonprod_egress_vpc.huaweicloud_vpc_peering_connection.requester",
            "module.transit_service_nonprod_egress_vpc.huaweicloud_vpc.default"
          ]
        }
      ]
    },
    {
      "module": "module.common_service_vpc_2_transit_prod_egress_vpc",
      "mode": "managed",
      "type": "huaweicloud_vpc_peering_connection",
      "name": "requester",
      "provider": "provider[\"registry.terraform.io/huaweicloud/huaweicloud\"].general_service",
      "instances": [
        {
          "schema_version": 0,
          "attributes": {
            "id": "fef3a113-c53b-46f1-9f6d-59b7aac49750",
            "name": "common_service_vpc_peering_transit_prod_egress_vpc",
            "peer_tenant_id": "314b970e3a8b4da7bffdd283d2a68ec0",
            "peer_vpc_id": "9c01171e-e76d-43d7-82ae-9cb560b276fa",
            "region": "ap-southeast-3",
            "status": "ACTIVE",
            "timeouts": null,
            "vpc_id": "5a87a3ed-5fea-4857-b60f-f62c1be4f1b2"
          },
          "sensitive_attributes": [],
          "private": "eyJlMmJmYjczMC1lY2FhLTExZTYtOGY4OC0zNDM2M2JjN2M0YzAiOnsiY3JlYXRlIjo2MDAwMDAwMDAwMDAsImRlbGV0ZSI6NjAwMDAwMDAwMDAwfX0=",
          "dependencies": [
            "module.common_service_vpc.huaweicloud_vpc.default",
            "module.transit_service_prod_egress_vpc.huaweicloud_vpc.default"
          ]
        }
      ]
    },
    {
      "module": "module.common_service_vpc_2_transit_prod_egress_vpc",
      "mode": "managed",
      "type": "huaweicloud_vpc_route",
      "name": "accepter_route",
      "provider": "provider[\"registry.terraform.io/huaweicloud/huaweicloud\"].general_service",
      "instances": [
        {
          "schema_version": 0,
          "attributes": {
            "description": "",
            "destination": "10.16.0.0/16",
            "id": "de5435ef-fc58-4f44-ada6-2d51c0289ce6/10.16.0.0/16",
            "nexthop": "fef3a113-c53b-46f1-9f6d-59b7aac49750",
            "region": "ap-southeast-3",
            "route_table_id": "de5435ef-fc58-4f44-ada6-2d51c0289ce6",
            "route_table_name": "rtb-transit_prod_egress_vpc",
            "timeouts": null,
            "type": "peering",
            "vpc_id": "9c01171e-e76d-43d7-82ae-9cb560b276fa"
          },
          "sensitive_attributes": [],
          "private": "eyJlMmJmYjczMC1lY2FhLTExZTYtOGY4OC0zNDM2M2JjN2M0YzAiOnsiY3JlYXRlIjo2MDAwMDAwMDAwMDAsImRlbGV0ZSI6NjAwMDAwMDAwMDAwfX0=",
          "dependencies": [
            "module.common_service_vpc.huaweicloud_vpc.default",
            "module.common_service_vpc_2_transit_prod_egress_vpc.huaweicloud_vpc_peering_connection.requester",
            "module.transit_service_prod_egress_vpc.huaweicloud_vpc.default"
          ]
        }
      ]
    },
    {
      "module": "module.common_service_vpc_2_transit_prod_egress_vpc",
      "mode": "managed",
      "type": "huaweicloud_vpc_route",
      "name": "requester_route",
      "provider": "provider[\"registry.terraform.io/huaweicloud/huaweicloud\"].general_service",
      "instances": [
        {
          "schema_version": 0,
          "attributes": {
            "description": "",
            "destination": "10.19.0.0/16",
            "id": "7f60334c-303a-4c6d-9e4b-473876246edf/10.19.0.0/16",
            "nexthop": "fef3a113-c53b-46f1-9f6d-59b7aac49750",
            "region": "ap-southeast-3",
            "route_table_id": "7f60334c-303a-4c6d-9e4b-473876246edf",
            "route_table_name": "rtb-common_service_vpc",
            "timeouts": null,
            "type": "peering",
            "vpc_id": "5a87a3ed-5fea-4857-b60f-f62c1be4f1b2"
          },
          "sensitive_attributes": [],
          "private": "eyJlMmJmYjczMC1lY2FhLTExZTYtOGY4OC0zNDM2M2JjN2M0YzAiOnsiY3JlYXRlIjo2MDAwMDAwMDAwMDAsImRlbGV0ZSI6NjAwMDAwMDAwMDAwfX0=",
          "dependencies": [
            "module.common_service_vpc.huaweicloud_vpc.default",
            "module.common_service_vpc_2_transit_prod_egress_vpc.huaweicloud_vpc_peering_connection.requester",
            "module.transit_service_prod_egress_vpc.huaweicloud_vpc.default"
          ]
        }
      ]
    },
    {
      "module": "module.common_service_vpc_2_transit_prod_ingress_vpc",
      "mode": "managed",
      "type": "huaweicloud_vpc_peering_connection",
      "name": "requester",
      "provider": "provider[\"registry.terraform.io/huaweicloud/huaweicloud\"].general_service",
      "instances": [
        {
          "schema_version": 0,
          "attributes": {
            "id": "8b4e77f9-8962-45b8-b1e2-a23d8c72afef",
            "name": "common_service_vpc_peering_transit_prod_ingress_vpc",
            "peer_tenant_id": "314b970e3a8b4da7bffdd283d2a68ec0",
            "peer_vpc_id": "e05dbca5-e026-47f0-a208-6870483d8b37",
            "region": "ap-southeast-3",
            "status": "ACTIVE",
            "timeouts": null,
            "vpc_id": "5a87a3ed-5fea-4857-b60f-f62c1be4f1b2"
          },
          "sensitive_attributes": [],
          "private": "eyJlMmJmYjczMC1lY2FhLTExZTYtOGY4OC0zNDM2M2JjN2M0YzAiOnsiY3JlYXRlIjo2MDAwMDAwMDAwMDAsImRlbGV0ZSI6NjAwMDAwMDAwMDAwfX0=",
          "dependencies": [
            "module.common_service_vpc.huaweicloud_vpc.default",
            "module.transit_service_prod_ingress_vpc.huaweicloud_vpc.default"
          ]
        }
      ]
    },
    {
      "module": "module.common_service_vpc_2_transit_prod_ingress_vpc",
      "mode": "managed",
      "type": "huaweicloud_vpc_route",
      "name": "accepter_route",
      "provider": "provider[\"registry.terraform.io/huaweicloud/huaweicloud\"].general_service",
      "instances": [
        {
          "schema_version": 0,
          "attributes": {
            "description": "",
            "destination": "10.16.0.0/16",
            "id": "7330caba-e1ae-4549-91d9-250f0cb4f644/10.16.0.0/16",
            "nexthop": "8b4e77f9-8962-45b8-b1e2-a23d8c72afef",
            "region": "ap-southeast-3",
            "route_table_id": "7330caba-e1ae-4549-91d9-250f0cb4f644",
            "route_table_name": "rtb-transit_prod_ingress_vpc",
            "timeouts": null,
            "type": "peering",
            "vpc_id": "e05dbca5-e026-47f0-a208-6870483d8b37"
          },
          "sensitive_attributes": [],
          "private": "eyJlMmJmYjczMC1lY2FhLTExZTYtOGY4OC0zNDM2M2JjN2M0YzAiOnsiY3JlYXRlIjo2MDAwMDAwMDAwMDAsImRlbGV0ZSI6NjAwMDAwMDAwMDAwfX0=",
          "dependencies": [
            "module.common_service_vpc.huaweicloud_vpc.default",
            "module.common_service_vpc_2_transit_prod_ingress_vpc.huaweicloud_vpc_peering_connection.requester",
            "module.transit_service_prod_ingress_vpc.huaweicloud_vpc.default"
          ]
        }
      ]
    },
    {
      "module": "module.common_service_vpc_2_transit_prod_ingress_vpc",
      "mode": "managed",
      "type": "huaweicloud_vpc_route",
      "name": "requester_route",
      "provider": "provider[\"registry.terraform.io/huaweicloud/huaweicloud\"].general_service",
      "instances": [
        {
          "schema_version": 0,
          "attributes": {
            "description": "",
            "destination": "10.18.0.0/16",
            "id": "7f60334c-303a-4c6d-9e4b-473876246edf/10.18.0.0/16",
            "nexthop": "8b4e77f9-8962-45b8-b1e2-a23d8c72afef",
            "region": "ap-southeast-3",
            "route_table_id": "7f60334c-303a-4c6d-9e4b-473876246edf",
            "route_table_name": "rtb-common_service_vpc",
            "timeouts": null,
            "type": "peering",
            "vpc_id": "5a87a3ed-5fea-4857-b60f-f62c1be4f1b2"
          },
          "sensitive_attributes": [],
          "private": "eyJlMmJmYjczMC1lY2FhLTExZTYtOGY4OC0zNDM2M2JjN2M0YzAiOnsiY3JlYXRlIjo2MDAwMDAwMDAwMDAsImRlbGV0ZSI6NjAwMDAwMDAwMDAwfX0=",
          "dependencies": [
            "module.common_service_vpc.huaweicloud_vpc.default",
            "module.common_service_vpc_2_transit_prod_ingress_vpc.huaweicloud_vpc_peering_connection.requester",
            "module.transit_service_prod_ingress_vpc.huaweicloud_vpc.default"
          ]
        }
      ]
    },
    {
      "module": "module.security_service_vpc",
      "mode": "managed",
      "type": "huaweicloud_vpc",
      "name": "default",
      "provider": "provider[\"registry.terraform.io/huaweicloud/huaweicloud\"].general_service",
      "instances": [
        {
          "schema_version": 0,
          "attributes": {
            "cidr": "10.17.0.0/16",
            "description": "",
            "enterprise_project_id": "0",
            "id": "ef719ed1-c727-42b7-a8b9-58fab343d412",
            "name": "security_service_vpc",
            "region": "ap-southeast-3",
            "routes": [],
            "secondary_cidr": null,
            "status": "OK",
            "tags": {
              "Name": "security_service_vpc"
            },
            "timeouts": null
          },
          "sensitive_attributes": [],
          "private": "eyJlMmJmYjczMC1lY2FhLTExZTYtOGY4OC0zNDM2M2JjN2M0YzAiOnsiY3JlYXRlIjo2MDAwMDAwMDAwMDAsImRlbGV0ZSI6MTgwMDAwMDAwMDAwfX0="
        }
      ]
    },
    {
      "module": "module.security_service_vpc",
      "mode": "managed",
      "type": "huaweicloud_vpc_subnet",
      "name": "private_subnet",
      "provider": "provider[\"registry.terraform.io/huaweicloud/huaweicloud\"].general_service",
      "instances": [
        {
          "index_key": 0,
          "schema_version": 0,
          "attributes": {
            "availability_zone": "",
            "cidr": "10.17.0.0/20",
            "description": "",
            "dhcp_enable": true,
            "dns_list": [
              "100.125.1.250",
              "100.125.128.250"
            ],
            "gateway_ip": "10.17.0.1",
            "id": "7e3f837f-1956-4139-8ab4-a416a85e1774",
            "ipv6_cidr": "",
            "ipv6_enable": false,
            "ipv6_gateway": "",
            "ipv6_subnet_id": "",
            "name": "private_subnet",
            "primary_dns": "100.125.1.250",
            "region": "ap-southeast-3",
            "secondary_dns": "100.125.128.250",
            "subnet_id": "efaa0d6e-92aa-440f-a74e-7b41e26ea176",
            "tags": {
              "Name": "private_subnet"
            },
            "timeouts": null,
            "vpc_id": "ef719ed1-c727-42b7-a8b9-58fab343d412"
          },
          "sensitive_attributes": [],
          "private": "eyJlMmJmYjczMC1lY2FhLTExZTYtOGY4OC0zNDM2M2JjN2M0YzAiOnsiY3JlYXRlIjozMDAwMDAwMDAwMDAsImRlbGV0ZSI6MzAwMDAwMDAwMDAwfX0=",
          "dependencies": [
            "module.security_service_vpc.huaweicloud_vpc.default"
          ]
        }
      ]
    },
    {
      "module": "module.security_service_vpc_2_transit_nonprod_egress_vpc",
      "mode": "managed",
      "type": "huaweicloud_vpc_peering_connection",
      "name": "requester",
      "provider": "provider[\"registry.terraform.io/huaweicloud/huaweicloud\"].general_service",
      "instances": [
        {
          "schema_version": 0,
          "attributes": {
            "id": "41e35e10-d8b6-422d-968d-60a73530bfe4",
            "name": "security_service_vpc_peering_transit_nonprod_egress_vpc",
            "peer_tenant_id": "314b970e3a8b4da7bffdd283d2a68ec0",
            "peer_vpc_id": "e523f9dc-b809-4de5-b95f-876a815d29b6",
            "region": "ap-southeast-3",
            "status": "ACTIVE",
            "timeouts": null,
            "vpc_id": "ef719ed1-c727-42b7-a8b9-58fab343d412"
          },
          "sensitive_attributes": [],
          "private": "eyJlMmJmYjczMC1lY2FhLTExZTYtOGY4OC0zNDM2M2JjN2M0YzAiOnsiY3JlYXRlIjo2MDAwMDAwMDAwMDAsImRlbGV0ZSI6NjAwMDAwMDAwMDAwfX0=",
          "dependencies": [
            "module.security_service_vpc.huaweicloud_vpc.default",
            "module.transit_service_nonprod_egress_vpc.huaweicloud_vpc.default"
          ]
        }
      ]
    },
    {
      "module": "module.security_service_vpc_2_transit_nonprod_egress_vpc",
      "mode": "managed",
      "type": "huaweicloud_vpc_route",
      "name": "accepter_route",
      "provider": "provider[\"registry.terraform.io/huaweicloud/huaweicloud\"].general_service",
      "instances": [
        {
          "schema_version": 0,
          "attributes": {
            "description": "",
            "destination": "10.17.0.0/16",
            "id": "62bb64bb-d0df-43bc-a614-f8782c097e01/10.17.0.0/16",
            "nexthop": "41e35e10-d8b6-422d-968d-60a73530bfe4",
            "region": "ap-southeast-3",
            "route_table_id": "62bb64bb-d0df-43bc-a614-f8782c097e01",
            "route_table_name": "rtb-transit_nonprod_egress_vpc",
            "timeouts": null,
            "type": "peering",
            "vpc_id": "e523f9dc-b809-4de5-b95f-876a815d29b6"
          },
          "sensitive_attributes": [],
          "private": "eyJlMmJmYjczMC1lY2FhLTExZTYtOGY4OC0zNDM2M2JjN2M0YzAiOnsiY3JlYXRlIjo2MDAwMDAwMDAwMDAsImRlbGV0ZSI6NjAwMDAwMDAwMDAwfX0=",
          "dependencies": [
            "module.security_service_vpc.huaweicloud_vpc.default",
            "module.security_service_vpc_2_transit_nonprod_egress_vpc.huaweicloud_vpc_peering_connection.requester",
            "module.transit_service_nonprod_egress_vpc.huaweicloud_vpc.default"
          ]
        }
      ]
    },
    {
      "module": "module.security_service_vpc_2_transit_nonprod_egress_vpc",
      "mode": "managed",
      "type": "huaweicloud_vpc_route",
      "name": "requester_route",
      "provider": "provider[\"registry.terraform.io/huaweicloud/huaweicloud\"].general_service",
      "instances": [
        {
          "schema_version": 0,
          "attributes": {
            "description": "",
            "destination": "10.21.0.0/16",
            "id": "bf704d77-c142-43bd-9b4b-cb70bab2359c/10.21.0.0/16",
            "nexthop": "41e35e10-d8b6-422d-968d-60a73530bfe4",
            "region": "ap-southeast-3",
            "route_table_id": "bf704d77-c142-43bd-9b4b-cb70bab2359c",
            "route_table_name": "rtb-security_service_vpc",
            "timeouts": null,
            "type": "peering",
            "vpc_id": "ef719ed1-c727-42b7-a8b9-58fab343d412"
          },
          "sensitive_attributes": [],
          "private": "eyJlMmJmYjczMC1lY2FhLTExZTYtOGY4OC0zNDM2M2JjN2M0YzAiOnsiY3JlYXRlIjo2MDAwMDAwMDAwMDAsImRlbGV0ZSI6NjAwMDAwMDAwMDAwfX0=",
          "dependencies": [
            "module.security_service_vpc.huaweicloud_vpc.default",
            "module.security_service_vpc_2_transit_nonprod_egress_vpc.huaweicloud_vpc_peering_connection.requester",
            "module.transit_service_nonprod_egress_vpc.huaweicloud_vpc.default"
          ]
        }
      ]
    },
    {
      "module": "module.security_service_vpc_2_transit_prod_egress_vpc",
      "mode": "managed",
      "type": "huaweicloud_vpc_peering_connection",
      "name": "requester",
      "provider": "provider[\"registry.terraform.io/huaweicloud/huaweicloud\"].general_service",
      "instances": [
        {
          "schema_version": 0,
          "attributes": {
            "id": "54c190fc-d028-4369-bec1-459e1b31be3d",
            "name": "security_service_vpc_peering_transit_prod_egress_vpc",
            "peer_tenant_id": "314b970e3a8b4da7bffdd283d2a68ec0",
            "peer_vpc_id": "9c01171e-e76d-43d7-82ae-9cb560b276fa",
            "region": "ap-southeast-3",
            "status": "ACTIVE",
            "timeouts": null,
            "vpc_id": "ef719ed1-c727-42b7-a8b9-58fab343d412"
          },
          "sensitive_attributes": [],
          "private": "eyJlMmJmYjczMC1lY2FhLTExZTYtOGY4OC0zNDM2M2JjN2M0YzAiOnsiY3JlYXRlIjo2MDAwMDAwMDAwMDAsImRlbGV0ZSI6NjAwMDAwMDAwMDAwfX0=",
          "dependencies": [
            "module.security_service_vpc.huaweicloud_vpc.default",
            "module.transit_service_prod_egress_vpc.huaweicloud_vpc.default"
          ]
        }
      ]
    },
    {
      "module": "module.security_service_vpc_2_transit_prod_egress_vpc",
      "mode": "managed",
      "type": "huaweicloud_vpc_route",
      "name": "accepter_route",
      "provider": "provider[\"registry.terraform.io/huaweicloud/huaweicloud\"].general_service",
      "instances": [
        {
          "schema_version": 0,
          "attributes": {
            "description": "",
            "destination": "10.17.0.0/16",
            "id": "de5435ef-fc58-4f44-ada6-2d51c0289ce6/10.17.0.0/16",
            "nexthop": "54c190fc-d028-4369-bec1-459e1b31be3d",
            "region": "ap-southeast-3",
            "route_table_id": "de5435ef-fc58-4f44-ada6-2d51c0289ce6",
            "route_table_name": "rtb-transit_prod_egress_vpc",
            "timeouts": null,
            "type": "peering",
            "vpc_id": "9c01171e-e76d-43d7-82ae-9cb560b276fa"
          },
          "sensitive_attributes": [],
          "private": "eyJlMmJmYjczMC1lY2FhLTExZTYtOGY4OC0zNDM2M2JjN2M0YzAiOnsiY3JlYXRlIjo2MDAwMDAwMDAwMDAsImRlbGV0ZSI6NjAwMDAwMDAwMDAwfX0=",
          "dependencies": [
            "module.security_service_vpc.huaweicloud_vpc.default",
            "module.security_service_vpc_2_transit_prod_egress_vpc.huaweicloud_vpc_peering_connection.requester",
            "module.transit_service_prod_egress_vpc.huaweicloud_vpc.default"
          ]
        }
      ]
    },
    {
      "module": "module.security_service_vpc_2_transit_prod_egress_vpc",
      "mode": "managed",
      "type": "huaweicloud_vpc_route",
      "name": "requester_route",
      "provider": "provider[\"registry.terraform.io/huaweicloud/huaweicloud\"].general_service",
      "instances": [
        {
          "schema_version": 0,
          "attributes": {
            "description": "",
            "destination": "10.19.0.0/16",
            "id": "bf704d77-c142-43bd-9b4b-cb70bab2359c/10.19.0.0/16",
            "nexthop": "54c190fc-d028-4369-bec1-459e1b31be3d",
            "region": "ap-southeast-3",
            "route_table_id": "bf704d77-c142-43bd-9b4b-cb70bab2359c",
            "route_table_name": "rtb-security_service_vpc",
            "timeouts": null,
            "type": "peering",
            "vpc_id": "ef719ed1-c727-42b7-a8b9-58fab343d412"
          },
          "sensitive_attributes": [],
          "private": "eyJlMmJmYjczMC1lY2FhLTExZTYtOGY4OC0zNDM2M2JjN2M0YzAiOnsiY3JlYXRlIjo2MDAwMDAwMDAwMDAsImRlbGV0ZSI6NjAwMDAwMDAwMDAwfX0=",
          "dependencies": [
            "module.security_service_vpc.huaweicloud_vpc.default",
            "module.security_service_vpc_2_transit_prod_egress_vpc.huaweicloud_vpc_peering_connection.requester",
            "module.transit_service_prod_egress_vpc.huaweicloud_vpc.default"
          ]
        }
      ]
    },
    {
      "module": "module.security_service_vpc_2_transit_prod_ingress_vpc",
      "mode": "managed",
      "type": "huaweicloud_vpc_peering_connection",
      "name": "requester",
      "provider": "provider[\"registry.terraform.io/huaweicloud/huaweicloud\"].general_service",
      "instances": [
        {
          "schema_version": 0,
          "attributes": {
            "id": "7555e89c-a654-46b7-807b-361848f1986b",
            "name": "security_service_vpc_peering_transit_prod_ingress_vpc",
            "peer_tenant_id": "314b970e3a8b4da7bffdd283d2a68ec0",
            "peer_vpc_id": "e05dbca5-e026-47f0-a208-6870483d8b37",
            "region": "ap-southeast-3",
            "status": "ACTIVE",
            "timeouts": null,
            "vpc_id": "ef719ed1-c727-42b7-a8b9-58fab343d412"
          },
          "sensitive_attributes": [],
          "private": "eyJlMmJmYjczMC1lY2FhLTExZTYtOGY4OC0zNDM2M2JjN2M0YzAiOnsiY3JlYXRlIjo2MDAwMDAwMDAwMDAsImRlbGV0ZSI6NjAwMDAwMDAwMDAwfX0=",
          "dependencies": [
            "module.security_service_vpc.huaweicloud_vpc.default",
            "module.transit_service_prod_ingress_vpc.huaweicloud_vpc.default"
          ]
        }
      ]
    },
    {
      "module": "module.security_service_vpc_2_transit_prod_ingress_vpc",
      "mode": "managed",
      "type": "huaweicloud_vpc_route",
      "name": "accepter_route",
      "provider": "provider[\"registry.terraform.io/huaweicloud/huaweicloud\"].general_service",
      "instances": [
        {
          "schema_version": 0,
          "attributes": {
            "description": "",
            "destination": "10.17.0.0/16",
            "id": "7330caba-e1ae-4549-91d9-250f0cb4f644/10.17.0.0/16",
            "nexthop": "7555e89c-a654-46b7-807b-361848f1986b",
            "region": "ap-southeast-3",
            "route_table_id": "7330caba-e1ae-4549-91d9-250f0cb4f644",
            "route_table_name": "rtb-transit_prod_ingress_vpc",
            "timeouts": null,
            "type": "peering",
            "vpc_id": "e05dbca5-e026-47f0-a208-6870483d8b37"
          },
          "sensitive_attributes": [],
          "private": "eyJlMmJmYjczMC1lY2FhLTExZTYtOGY4OC0zNDM2M2JjN2M0YzAiOnsiY3JlYXRlIjo2MDAwMDAwMDAwMDAsImRlbGV0ZSI6NjAwMDAwMDAwMDAwfX0=",
          "dependencies": [
            "module.security_service_vpc.huaweicloud_vpc.default",
            "module.security_service_vpc_2_transit_prod_ingress_vpc.huaweicloud_vpc_peering_connection.requester",
            "module.transit_service_prod_ingress_vpc.huaweicloud_vpc.default"
          ]
        }
      ]
    },
    {
      "module": "module.security_service_vpc_2_transit_prod_ingress_vpc",
      "mode": "managed",
      "type": "huaweicloud_vpc_route",
      "name": "requester_route",
      "provider": "provider[\"registry.terraform.io/huaweicloud/huaweicloud\"].general_service",
      "instances": [
        {
          "schema_version": 0,
          "attributes": {
            "description": "",
            "destination": "10.18.0.0/16",
            "id": "bf704d77-c142-43bd-9b4b-cb70bab2359c/10.18.0.0/16",
            "nexthop": "7555e89c-a654-46b7-807b-361848f1986b",
            "region": "ap-southeast-3",
            "route_table_id": "bf704d77-c142-43bd-9b4b-cb70bab2359c",
            "route_table_name": "rtb-security_service_vpc",
            "timeouts": null,
            "type": "peering",
            "vpc_id": "ef719ed1-c727-42b7-a8b9-58fab343d412"
          },
          "sensitive_attributes": [],
          "private": "eyJlMmJmYjczMC1lY2FhLTExZTYtOGY4OC0zNDM2M2JjN2M0YzAiOnsiY3JlYXRlIjo2MDAwMDAwMDAwMDAsImRlbGV0ZSI6NjAwMDAwMDAwMDAwfX0=",
          "dependencies": [
            "module.security_service_vpc.huaweicloud_vpc.default",
            "module.security_service_vpc_2_transit_prod_ingress_vpc.huaweicloud_vpc_peering_connection.requester",
            "module.transit_service_prod_ingress_vpc.huaweicloud_vpc.default"
          ]
        }
      ]
    },
    {
      "module": "module.transit_service_nonprod_egress_vpc",
      "mode": "managed",
      "type": "huaweicloud_nat_gateway",
      "name": "egress_nat",
      "provider": "provider[\"registry.terraform.io/huaweicloud/huaweicloud\"].general_service",
      "instances": [
        {
          "index_key": 0,
          "schema_version": 0,
          "attributes": {
            "description": "",
            "enterprise_project_id": "0",
            "id": "5a68c7bb-7df8-4ee6-8767-cbd14ebffe9b",
            "internal_network_id": null,
            "name": "egress_nonprod_nat_gw",
            "region": "ap-southeast-3",
            "router_id": null,
            "spec": "3",
            "status": "ACTIVE",
            "subnet_id": "c1d66aaa-b3b0-4f46-8f09-c72163aae5af",
            "timeouts": null,
            "vpc_id": "e523f9dc-b809-4de5-b95f-876a815d29b6"
          },
          "sensitive_attributes": [],
          "private": "eyJlMmJmYjczMC1lY2FhLTExZTYtOGY4OC0zNDM2M2JjN2M0YzAiOnsiY3JlYXRlIjo2MDAwMDAwMDAwMDAsImRlbGV0ZSI6NjAwMDAwMDAwMDAwfX0=",
          "dependencies": [
            "module.transit_service_nonprod_egress_vpc.huaweicloud_vpc.default",
            "module.transit_service_nonprod_egress_vpc.huaweicloud_vpc_subnet.egress_subnet"
          ]
        }
      ]
    },
    {
      "module": "module.transit_service_nonprod_egress_vpc",
      "mode": "managed",
      "type": "huaweicloud_nat_snat_rule",
      "name": "egress_snat_rule",
      "provider": "provider[\"registry.terraform.io/huaweicloud/huaweicloud\"].general_service",
      "instances": [
        {
          "index_key": 0,
          "schema_version": 0,
          "attributes": {
            "cidr": "10.21.0.0/20",
            "description": "",
            "floating_ip_address": "159.138.97.140",
            "floating_ip_id": "7bf635d0-9a8e-4893-abd7-99bf7e320894",
            "id": "8a17357c-5b66-4b6f-be9d-f7aa64b2cb3f",
            "nat_gateway_id": "5a68c7bb-7df8-4ee6-8767-cbd14ebffe9b",
            "network_id": null,
            "region": "ap-southeast-3",
            "source_type": 0,
            "status": "ACTIVE",
            "subnet_id": "",
            "timeouts": null
          },
          "sensitive_attributes": [],
          "private": "eyJlMmJmYjczMC1lY2FhLTExZTYtOGY4OC0zNDM2M2JjN2M0YzAiOnsiY3JlYXRlIjo2MDAwMDAwMDAwMDAsImRlbGV0ZSI6NjAwMDAwMDAwMDAwLCJ1cGRhdGUiOjYwMDAwMDAwMDAwMH19",
          "dependencies": [
            "module.transit_service_nonprod_egress_vpc.huaweicloud_nat_gateway.egress_nat",
            "module.transit_service_nonprod_egress_vpc.huaweicloud_vpc.default",
            "module.transit_service_nonprod_egress_vpc.huaweicloud_vpc_eip.nat_eip",
            "module.transit_service_nonprod_egress_vpc.huaweicloud_vpc_subnet.egress_subnet"
          ]
        }
      ]
    },
    {
      "module": "module.transit_service_nonprod_egress_vpc",
      "mode": "managed",
      "type": "huaweicloud_vpc",
      "name": "default",
      "provider": "provider[\"registry.terraform.io/huaweicloud/huaweicloud\"].general_service",
      "instances": [
        {
          "schema_version": 0,
          "attributes": {
            "cidr": "10.21.0.0/16",
            "description": "",
            "enterprise_project_id": "0",
            "id": "e523f9dc-b809-4de5-b95f-876a815d29b6",
            "name": "transit_nonprod_egress_vpc",
            "region": "ap-southeast-3",
            "routes": [],
            "secondary_cidr": null,
            "status": "OK",
            "tags": {
              "Name": "transit_nonprod_egress_vpc"
            },
            "timeouts": null
          },
          "sensitive_attributes": [],
          "private": "eyJlMmJmYjczMC1lY2FhLTExZTYtOGY4OC0zNDM2M2JjN2M0YzAiOnsiY3JlYXRlIjo2MDAwMDAwMDAwMDAsImRlbGV0ZSI6MTgwMDAwMDAwMDAwfX0="
        }
      ]
    },
    {
      "module": "module.transit_service_nonprod_egress_vpc",
      "mode": "managed",
      "type": "huaweicloud_vpc_eip",
      "name": "nat_eip",
      "provider": "provider[\"registry.terraform.io/huaweicloud/huaweicloud\"].general_service",
      "instances": [
        {
          "index_key": 0,
          "schema_version": 0,
          "attributes": {
            "address": "159.138.97.140",
            "auto_pay": null,
            "auto_renew": null,
            "bandwidth": [
              {
                "charge_mode": "traffic",
                "id": "99cb8027-c27c-487e-98aa-df9e7d08d293",
                "name": "eip_bandwith_5G",
                "share_type": "PER",
                "size": 8
              }
            ],
            "charging_mode": null,
            "enterprise_project_id": "0",
            "id": "7bf635d0-9a8e-4893-abd7-99bf7e320894",
            "ipv6_address": "",
            "name": "",
            "period": null,
            "period_unit": null,
            "port_id": "",
            "private_ip": "",
            "publicip": [
              {
                "ip_address": "159.138.97.140",
                "ip_version": 4,
                "port_id": "",
                "type": "5_bgp"
              }
            ],
            "region": "ap-southeast-3",
            "status": "UNBOUND",
            "tags": null,
            "timeouts": null
          },
          "sensitive_attributes": [],
          "private": "eyJlMmJmYjczMC1lY2FhLTExZTYtOGY4OC0zNDM2M2JjN2M0YzAiOnsiY3JlYXRlIjo2MDAwMDAwMDAwMDAsImRlbGV0ZSI6NjAwMDAwMDAwMDAwLCJ1cGRhdGUiOjMwMDAwMDAwMDAwMH19"
        }
      ]
    },
    {
      "module": "module.transit_service_nonprod_egress_vpc",
      "mode": "managed",
      "type": "huaweicloud_vpc_subnet",
      "name": "egress_subnet",
      "provider": "provider[\"registry.terraform.io/huaweicloud/huaweicloud\"].general_service",
      "instances": [
        {
          "index_key": 0,
          "schema_version": 0,
          "attributes": {
            "availability_zone": "",
            "cidr": "10.21.0.0/20",
            "description": "",
            "dhcp_enable": true,
            "dns_list": [
              "100.125.1.250",
              "100.125.128.250"
            ],
            "gateway_ip": "10.21.0.1",
            "id": "c1d66aaa-b3b0-4f46-8f09-c72163aae5af",
            "ipv6_cidr": "",
            "ipv6_enable": false,
            "ipv6_gateway": "",
            "ipv6_subnet_id": "",
            "name": "egress_subnet",
            "primary_dns": "100.125.1.250",
            "region": "ap-southeast-3",
            "secondary_dns": "100.125.128.250",
            "subnet_id": "f9b83168-4454-4fa6-bb0d-cea2102e5f6f",
            "tags": {
              "Name": "egress_subnet"
            },
            "timeouts": null,
            "vpc_id": "e523f9dc-b809-4de5-b95f-876a815d29b6"
          },
          "sensitive_attributes": [],
          "private": "eyJlMmJmYjczMC1lY2FhLTExZTYtOGY4OC0zNDM2M2JjN2M0YzAiOnsiY3JlYXRlIjozMDAwMDAwMDAwMDAsImRlbGV0ZSI6MzAwMDAwMDAwMDAwfX0=",
          "dependencies": [
            "module.transit_service_nonprod_egress_vpc.huaweicloud_vpc.default"
          ]
        }
      ]
    },
    {
      "module": "module.transit_service_prod_egress_vpc",
      "mode": "managed",
      "type": "huaweicloud_nat_gateway",
      "name": "egress_nat",
      "provider": "provider[\"registry.terraform.io/huaweicloud/huaweicloud\"].general_service",
      "instances": [
        {
          "index_key": 0,
          "schema_version": 0,
          "attributes": {
            "description": "",
            "enterprise_project_id": "0",
            "id": "b2adbc58-91f7-41d0-a655-b769633e2147",
            "internal_network_id": null,
            "name": "egress_prod_nat_gw",
            "region": "ap-southeast-3",
            "router_id": null,
            "spec": "3",
            "status": "ACTIVE",
            "subnet_id": "7a5b9f53-0816-41c3-8400-0b250d74c07c",
            "timeouts": null,
            "vpc_id": "9c01171e-e76d-43d7-82ae-9cb560b276fa"
          },
          "sensitive_attributes": [],
          "private": "eyJlMmJmYjczMC1lY2FhLTExZTYtOGY4OC0zNDM2M2JjN2M0YzAiOnsiY3JlYXRlIjo2MDAwMDAwMDAwMDAsImRlbGV0ZSI6NjAwMDAwMDAwMDAwfX0=",
          "dependencies": [
            "module.transit_service_prod_egress_vpc.huaweicloud_vpc.default",
            "module.transit_service_prod_egress_vpc.huaweicloud_vpc_subnet.egress_subnet"
          ]
        }
      ]
    },
    {
      "module": "module.transit_service_prod_egress_vpc",
      "mode": "managed",
      "type": "huaweicloud_nat_snat_rule",
      "name": "egress_snat_rule",
      "provider": "provider[\"registry.terraform.io/huaweicloud/huaweicloud\"].general_service",
      "instances": [
        {
          "index_key": 0,
          "schema_version": 0,
          "attributes": {
            "cidr": "10.19.0.0/20",
            "description": "",
            "floating_ip_address": "190.92.213.231",
            "floating_ip_id": "e7e16e76-85c7-48d5-9a2d-325738d1b023",
            "id": "1b6b1386-a411-4ee6-84b4-e747023ba5db",
            "nat_gateway_id": "b2adbc58-91f7-41d0-a655-b769633e2147",
            "network_id": null,
            "region": "ap-southeast-3",
            "source_type": 0,
            "status": "ACTIVE",
            "subnet_id": "",
            "timeouts": null
          },
          "sensitive_attributes": [],
          "private": "eyJlMmJmYjczMC1lY2FhLTExZTYtOGY4OC0zNDM2M2JjN2M0YzAiOnsiY3JlYXRlIjo2MDAwMDAwMDAwMDAsImRlbGV0ZSI6NjAwMDAwMDAwMDAwLCJ1cGRhdGUiOjYwMDAwMDAwMDAwMH19",
          "dependencies": [
            "module.transit_service_prod_egress_vpc.huaweicloud_nat_gateway.egress_nat",
            "module.transit_service_prod_egress_vpc.huaweicloud_vpc.default",
            "module.transit_service_prod_egress_vpc.huaweicloud_vpc_eip.nat_eip",
            "module.transit_service_prod_egress_vpc.huaweicloud_vpc_subnet.egress_subnet"
          ]
        }
      ]
    },
    {
      "module": "module.transit_service_prod_egress_vpc",
      "mode": "managed",
      "type": "huaweicloud_vpc",
      "name": "default",
      "provider": "provider[\"registry.terraform.io/huaweicloud/huaweicloud\"].general_service",
      "instances": [
        {
          "schema_version": 0,
          "attributes": {
            "cidr": "10.19.0.0/16",
            "description": "",
            "enterprise_project_id": "0",
            "id": "9c01171e-e76d-43d7-82ae-9cb560b276fa",
            "name": "transit_prod_egress_vpc",
            "region": "ap-southeast-3",
            "routes": [],
            "secondary_cidr": null,
            "status": "OK",
            "tags": {
              "Name": "transit_prod_egress_vpc"
            },
            "timeouts": null
          },
          "sensitive_attributes": [],
          "private": "eyJlMmJmYjczMC1lY2FhLTExZTYtOGY4OC0zNDM2M2JjN2M0YzAiOnsiY3JlYXRlIjo2MDAwMDAwMDAwMDAsImRlbGV0ZSI6MTgwMDAwMDAwMDAwfX0="
        }
      ]
    },
    {
      "module": "module.transit_service_prod_egress_vpc",
      "mode": "managed",
      "type": "huaweicloud_vpc_eip",
      "name": "nat_eip",
      "provider": "provider[\"registry.terraform.io/huaweicloud/huaweicloud\"].general_service",
      "instances": [
        {
          "index_key": 0,
          "schema_version": 0,
          "attributes": {
            "address": "190.92.213.231",
            "auto_pay": null,
            "auto_renew": null,
            "bandwidth": [
              {
                "charge_mode": "traffic",
                "id": "df019dc1-1211-464c-80ea-264b8163e297",
                "name": "eip_bandwith_5G",
                "share_type": "PER",
                "size": 8
              }
            ],
            "charging_mode": null,
            "enterprise_project_id": "0",
            "id": "e7e16e76-85c7-48d5-9a2d-325738d1b023",
            "ipv6_address": "",
            "name": "",
            "period": null,
            "period_unit": null,
            "port_id": "",
            "private_ip": "",
            "publicip": [
              {
                "ip_address": "190.92.213.231",
                "ip_version": 4,
                "port_id": "",
                "type": "5_bgp"
              }
            ],
            "region": "ap-southeast-3",
            "status": "UNBOUND",
            "tags": null,
            "timeouts": null
          },
          "sensitive_attributes": [],
          "private": "eyJlMmJmYjczMC1lY2FhLTExZTYtOGY4OC0zNDM2M2JjN2M0YzAiOnsiY3JlYXRlIjo2MDAwMDAwMDAwMDAsImRlbGV0ZSI6NjAwMDAwMDAwMDAwLCJ1cGRhdGUiOjMwMDAwMDAwMDAwMH19"
        }
      ]
    },
    {
      "module": "module.transit_service_prod_egress_vpc",
      "mode": "managed",
      "type": "huaweicloud_vpc_subnet",
      "name": "egress_subnet",
      "provider": "provider[\"registry.terraform.io/huaweicloud/huaweicloud\"].general_service",
      "instances": [
        {
          "index_key": 0,
          "schema_version": 0,
          "attributes": {
            "availability_zone": "",
            "cidr": "10.19.0.0/20",
            "description": "",
            "dhcp_enable": true,
            "dns_list": [
              "100.125.1.250",
              "100.125.128.250"
            ],
            "gateway_ip": "10.19.0.1",
            "id": "7a5b9f53-0816-41c3-8400-0b250d74c07c",
            "ipv6_cidr": "",
            "ipv6_enable": false,
            "ipv6_gateway": "",
            "ipv6_subnet_id": "",
            "name": "egress_subnet",
            "primary_dns": "100.125.1.250",
            "region": "ap-southeast-3",
            "secondary_dns": "100.125.128.250",
            "subnet_id": "ab50697a-7cdc-4694-b59b-06239b14509e",
            "tags": {
              "Name": "egress_subnet"
            },
            "timeouts": null,
            "vpc_id": "9c01171e-e76d-43d7-82ae-9cb560b276fa"
          },
          "sensitive_attributes": [],
          "private": "eyJlMmJmYjczMC1lY2FhLTExZTYtOGY4OC0zNDM2M2JjN2M0YzAiOnsiY3JlYXRlIjozMDAwMDAwMDAwMDAsImRlbGV0ZSI6MzAwMDAwMDAwMDAwfX0=",
          "dependencies": [
            "module.transit_service_prod_egress_vpc.huaweicloud_vpc.default"
          ]
        }
      ]
    },
    {
      "module": "module.transit_service_prod_ingress_vpc",
      "mode": "managed",
      "type": "huaweicloud_vpc",
      "name": "default",
      "provider": "provider[\"registry.terraform.io/huaweicloud/huaweicloud\"].general_service",
      "instances": [
        {
          "schema_version": 0,
          "attributes": {
            "cidr": "10.18.0.0/16",
            "description": "",
            "enterprise_project_id": "0",
            "id": "e05dbca5-e026-47f0-a208-6870483d8b37",
            "name": "transit_prod_ingress_vpc",
            "region": "ap-southeast-3",
            "routes": [],
            "secondary_cidr": null,
            "status": "OK",
            "tags": {
              "Name": "transit_prod_ingress_vpc"
            },
            "timeouts": null
          },
          "sensitive_attributes": [],
          "private": "eyJlMmJmYjczMC1lY2FhLTExZTYtOGY4OC0zNDM2M2JjN2M0YzAiOnsiY3JlYXRlIjo2MDAwMDAwMDAwMDAsImRlbGV0ZSI6MTgwMDAwMDAwMDAwfX0="
        }
      ]
    },
    {
      "module": "module.transit_service_prod_ingress_vpc",
      "mode": "managed",
      "type": "huaweicloud_vpc_subnet",
      "name": "ingress_subnet",
      "provider": "provider[\"registry.terraform.io/huaweicloud/huaweicloud\"].general_service",
      "instances": [
        {
          "index_key": 0,
          "schema_version": 0,
          "attributes": {
            "availability_zone": "",
            "cidr": "10.18.0.0/20",
            "description": "",
            "dhcp_enable": true,
            "dns_list": [
              "100.125.1.250",
              "100.125.128.250"
            ],
            "gateway_ip": "10.18.0.1",
            "id": "6515bdb7-9a1a-4dcc-967d-8c744fdd6dab",
            "ipv6_cidr": "",
            "ipv6_enable": false,
            "ipv6_gateway": "",
            "ipv6_subnet_id": "",
            "name": "ingress_subnet",
            "primary_dns": "100.125.1.250",
            "region": "ap-southeast-3",
            "secondary_dns": "100.125.128.250",
            "subnet_id": "50efef15-e290-4440-8f96-4c460322f2f0",
            "tags": {
              "Name": "ingress_subnet"
            },
            "timeouts": null,
            "vpc_id": "e05dbca5-e026-47f0-a208-6870483d8b37"
          },
          "sensitive_attributes": [],
          "private": "eyJlMmJmYjczMC1lY2FhLTExZTYtOGY4OC0zNDM2M2JjN2M0YzAiOnsiY3JlYXRlIjozMDAwMDAwMDAwMDAsImRlbGV0ZSI6MzAwMDAwMDAwMDAwfX0=",
          "dependencies": [
            "module.transit_service_prod_ingress_vpc.huaweicloud_vpc.default"
          ]
        }
      ]
    }
  ],
  "check_results": null
}
