{
  "version": 4,
  "terraform_version": "1.3.7",
  "serial": 35,
  "lineage": "942b4e26-b731-93d7-9f07-8d2a6e45dc54",
  "outputs": {},
  "resources": [
    {
      "module": "module.general_service_cts",
      "mode": "managed",
      "type": "huaweicloud_obs_bucket",
      "name": "cts_data_bucket_archive",
      "provider": "provider[\"registry.terraform.io/huaweicloud/huaweicloud\"].general_service",
      "instances": [
        {
          "schema_version": 0,
          "attributes": {
            "acl": "private",
            "bucket": "cts-data-bucket-archive-ftgduuzb",
            "bucket_domain_name": "cts-data-bucket-archive-ftgduuzb.obs.ap-southeast-3.myhuaweicloud.com",
            "bucket_version": "3.0",
            "cors_rule": [],
            "encryption": true,
            "enterprise_project_id": "0",
            "force_destroy": true,
            "id": "cts-data-bucket-archive-ftgduuzb",
            "kms_key_id": "",
            "lifecycle_rule": [],
            "logging": [],
            "multi_az": true,
            "parallel_fs": false,
            "policy": "",
            "policy_format": "obs",
            "quota": 0,
            "region": "ap-southeast-3",
            "storage_class": "STANDARD",
            "tags": {},
            "versioning": true,
            "website": []
          },
          "sensitive_attributes": [],
          "private": "bnVsbA==",
          "dependencies": [
            "module.general_service_cts.random_string.random"
          ]
        }
      ]
    },
    {
      "module": "module.general_service_cts",
      "mode": "managed",
      "type": "huaweicloud_obs_bucket",
      "name": "cts_system_bucket",
      "provider": "provider[\"registry.terraform.io/huaweicloud/huaweicloud\"].general_service",
      "instances": [
        {
          "schema_version": 0,
          "attributes": {
            "acl": "private",
            "bucket": "cts-system-bucket-wbkz35hm",
            "bucket_domain_name": "cts-system-bucket-wbkz35hm.obs.ap-southeast-3.myhuaweicloud.com",
            "bucket_version": "3.0",
            "cors_rule": [],
            "encryption": true,
            "enterprise_project_id": "0",
            "force_destroy": true,
            "id": "cts-system-bucket-wbkz35hm",
            "kms_key_id": "",
            "lifecycle_rule": [
              {
                "enabled": true,
                "expiration": [
                  {
                    "days": 60
                  }
                ],
                "name": "cts_rotation",
                "noncurrent_version_expiration": [],
                "noncurrent_version_transition": [],
                "prefix": "",
                "transition": []
              }
            ],
            "logging": [],
            "multi_az": true,
            "parallel_fs": false,
            "policy": "",
            "policy_format": "obs",
            "quota": 0,
            "region": "ap-southeast-3",
            "storage_class": "STANDARD",
            "tags": {},
            "versioning": true,
            "website": []
          },
          "sensitive_attributes": [],
          "private": "bnVsbA==",
          "dependencies": [
            "module.general_service_cts.random_string.random"
          ]
        }
      ]
    },
    {
      "module": "module.general_service_cts",
      "mode": "managed",
      "type": "random_string",
      "name": "random",
      "provider": "provider[\"registry.terraform.io/hashicorp/random\"]",
      "instances": [
        {
          "index_key": 0,
          "schema_version": 2,
          "attributes": {
            "id": "wbkz35hm",
            "keepers": null,
            "length": 8,
            "lower": true,
            "min_lower": 0,
            "min_numeric": 0,
            "min_special": 0,
            "min_upper": 0,
            "number": true,
            "numeric": true,
            "override_special": null,
            "result": "wbkz35hm",
            "special": false,
            "upper": false
          },
          "sensitive_attributes": []
        },
        {
          "index_key": 1,
          "schema_version": 2,
          "attributes": {
            "id": "qt5a2u3y",
            "keepers": null,
            "length": 8,
            "lower": true,
            "min_lower": 0,
            "min_numeric": 0,
            "min_special": 0,
            "min_upper": 0,
            "number": true,
            "numeric": true,
            "override_special": null,
            "result": "qt5a2u3y",
            "special": false,
            "upper": false
          },
          "sensitive_attributes": []
        },
        {
          "index_key": 2,
          "schema_version": 2,
          "attributes": {
            "id": "ftgduuzb",
            "keepers": null,
            "length": 8,
            "lower": true,
            "min_lower": 0,
            "min_numeric": 0,
            "min_special": 0,
            "min_upper": 0,
            "number": true,
            "numeric": true,
            "override_special": null,
            "result": "ftgduuzb",
            "special": false,
            "upper": false
          },
          "sensitive_attributes": []
        }
      ]
    }
  ],
  "check_results": null
}
