{
  "version": 4,
  "terraform_version": "1.3.7",
  "serial": 12,
  "lineage": "0f52cb9d-3b09-5fbc-344d-8b2c2afe1816",
  "outputs": {},
  "resources": [
    {
      "mode": "data",
      "type": "huaweicloud_availability_zones",
      "name": "myaz",
      "provider": "provider[\"registry.terraform.io/huaweicloud/huaweicloud\"].general_service",
      "instances": [
        {
          "schema_version": 0,
          "attributes": {
            "id": "221423761",
            "names": [
              "ap-southeast-3a",
              "ap-southeast-3b",
              "ap-southeast-3c",
              "ap-southeast-3e"
            ],
            "region": null,
            "state": "available"
          },
          "sensitive_attributes": []
        }
      ]
    },
    {
      "mode": "data",
      "type": "huaweicloud_compute_flavors",
      "name": "myflavor",
      "provider": "provider[\"registry.terraform.io/huaweicloud/huaweicloud\"].general_service",
      "instances": [
        {
          "schema_version": 0,
          "attributes": {
            "availability_zone": "ap-southeast-3a",
            "cpu_core_count": 2,
            "generation": null,
            "id": "183206176",
            "ids": [
              "c3.large.2",
              "c6.large.2",
              "c6s.large.2",
              "c7n.large.2"
            ],
            "memory_size": 4,
            "performance_type": "computingv3",
            "region": "ap-southeast-3"
          },
          "sensitive_attributes": []
        }
      ]
    },
    {
      "mode": "data",
      "type": "huaweicloud_images_image",
      "name": "myimage",
      "provider": "provider[\"registry.terraform.io/huaweicloud/huaweicloud\"].general_service",
      "instances": [
        {
          "schema_version": 0,
          "attributes": {
            "architecture": null,
            "checksum": "d41d8cd98f00b204e9800998ecf8427e",
            "container_format": "bare",
            "created_at": "2020-10-09T15:02:34Z",
            "disk_format": "zvhd2",
            "enterprise_project_id": "",
            "file": "/v2/images/1228013a-31dd-4a42-97ac-6e595a80302a/file",
            "id": "1228013a-31dd-4a42-97ac-6e595a80302a",
            "image_type": "FusionCompute",
            "metadata": null,
            "min_disk_gb": 40,
            "min_ram_mb": 1024,
            "most_recent": true,
            "name": "Ubuntu 20.04 server 64bit",
            "name_regex": null,
            "os": "Ubuntu",
            "os_version": "Ubuntu 20.04 server 64bit",
            "owner": "c9fd059ecac04ceb89e708a2d61fd966",
            "protected": true,
            "region": null,
            "schema": "/v2/schemas/image",
            "size_bytes": 2219290624,
            "size_max": null,
            "size_min": null,
            "sort_direction": "asc",
            "sort_key": "name",
            "status": "active",
            "tag": null,
            "updated_at": "2022-10-27T07:40:04Z",
            "visibility": "public"
          },
          "sensitive_attributes": []
        }
      ]
    },
    {
      "mode": "data",
      "type": "terraform_remote_state",
      "name": "network",
      "provider": "provider[\"terraform.io/builtin/terraform\"]",
      "instances": [
        {
          "schema_version": 0,
          "attributes": {
            "backend": "local",
            "config": {
              "value": {
                "path": "../../hfa-core-account-playbook/1.hfa-network-playbook/terraform.tfstate"
              },
              "type": [
                "object",
                {
                  "path": "string"
                }
              ]
            },
            "defaults": null,
            "outputs": {
              "value": {
                "common_private_subnet_id": "2437a6d7-d885-444b-a5cd-110a3aa17bfd",
                "common_requester_vpc_peering_id": "224bdf82-db0c-4d52-987e-c4c36eb9d21c",
                "common_vpc_id": "5a87a3ed-5fea-4857-b60f-f62c1be4f1b2",
                "security_private_subnet_id": "7e3f837f-1956-4139-8ab4-a416a85e1774",
                "security_vpc_id": "ef719ed1-c727-42b7-a8b9-58fab343d412",
                "transit_egress_nat_gw_eip": "e7e16e76-85c7-48d5-9a2d-325738d1b023",
                "transit_egress_nat_gw_id": "b2adbc58-91f7-41d0-a655-b769633e2147",
                "transit_nonprod_egress_subnet_id": "c1d66aaa-b3b0-4f46-8f09-c72163aae5af",
                "transit_nonprod_egress_vpc_id": "e523f9dc-b809-4de5-b95f-876a815d29b6",
                "transit_prod_egress_subnet_id": "7a5b9f53-0816-41c3-8400-0b250d74c07c",
                "transit_prod_egress_vpc_id": "9c01171e-e76d-43d7-82ae-9cb560b276fa",
                "transit_prod_ingress_subnet_id": "6515bdb7-9a1a-4dcc-967d-8c744fdd6dab",
                "transit_prod_ingress_vpc_id": "e05dbca5-e026-47f0-a208-6870483d8b37"
              },
              "type": [
                "object",
                {
                  "common_private_subnet_id": "string",
                  "common_requester_vpc_peering_id": "string",
                  "common_vpc_id": "string",
                  "security_private_subnet_id": "string",
                  "security_vpc_id": "string",
                  "transit_egress_nat_gw_eip": "string",
                  "transit_egress_nat_gw_id": "string",
                  "transit_nonprod_egress_subnet_id": "string",
                  "transit_nonprod_egress_vpc_id": "string",
                  "transit_prod_egress_subnet_id": "string",
                  "transit_prod_egress_vpc_id": "string",
                  "transit_prod_ingress_subnet_id": "string",
                  "transit_prod_ingress_vpc_id": "string"
                }
              ]
            },
            "workspace": null
          },
          "sensitive_attributes": []
        }
      ]
    },
    {
      "mode": "managed",
      "type": "huaweicloud_compute_instance",
      "name": "ecs-common",
      "provider": "provider[\"registry.terraform.io/huaweicloud/huaweicloud\"].general_service",
      "instances": [
        {
          "schema_version": 0,
          "attributes": {
            "access_ip_v4": "10.16.0.101",
            "access_ip_v6": "",
            "admin_pass": null,
            "agency_name": "",
            "agent_list": "",
            "auto_pay": null,
            "auto_renew": null,
            "availability_zone": "ap-southeast-3a",
            "bandwidth": [],
            "block_device": [],
            "charging_mode": "postPaid",
            "data_disks": [],
            "delete_disks_on_termination": null,
            "delete_eip_on_termination": true,
            "eip_id": null,
            "eip_type": null,
            "enterprise_project_id": "0",
            "flavor_id": "c3.large.2",
            "flavor_name": "c3.large.2",
            "id": "50c08f91-6e25-44b6-8376-de840f0739a4",
            "image_id": "1228013a-31dd-4a42-97ac-6e595a80302a",
            "image_name": "Ubuntu 20.04 server 64bit",
            "key_pair": null,
            "metadata": null,
            "name": "ecs-common",
            "network": [
              {
                "access_network": false,
                "fixed_ip_v4": "10.16.0.101",
                "fixed_ip_v6": "",
                "ipv6_enable": false,
                "mac": "fa:16:3e:c2:b2:17",
                "port": "ca54c854-e522-448a-b40e-da0366e4bfac",
                "source_dest_check": true,
                "uuid": "2437a6d7-d885-444b-a5cd-110a3aa17bfd"
              }
            ],
            "period": null,
            "period_unit": null,
            "power_action": null,
            "public_ip": null,
            "region": "ap-southeast-3",
            "scheduler_hints": [],
            "security_group_ids": [
              "d04be582-d3b8-4156-9dab-93144360129a"
            ],
            "security_groups": [
              "sg-common-icmp"
            ],
            "status": "ACTIVE",
            "stop_before_destroy": false,
            "system_disk_id": "a3066cda-ad5a-48f8-bc6e-c1bc52d0ddf1",
            "system_disk_size": 40,
            "system_disk_type": "GPSSD",
            "tags": null,
            "timeouts": null,
            "user_data": "b002acbe228a03d4857be31a4ecdb79711a1ecd9",
            "user_id": null,
            "volume_attached": [
              {
                "boot_index": 0,
                "pci_address": "0000:02:01.0",
                "size": 40,
                "type": "GPSSD",
                "volume_id": "a3066cda-ad5a-48f8-bc6e-c1bc52d0ddf1"
              }
            ]
          },
          "sensitive_attributes": [],
          "private": "eyJlMmJmYjczMC1lY2FhLTExZTYtOGY4OC0zNDM2M2JjN2M0YzAiOnsiY3JlYXRlIjoxODAwMDAwMDAwMDAwLCJkZWxldGUiOjE4MDAwMDAwMDAwMDAsInVwZGF0ZSI6MTgwMDAwMDAwMDAwMH19",
          "dependencies": [
            "data.huaweicloud_availability_zones.myaz",
            "data.huaweicloud_compute_flavors.myflavor",
            "data.huaweicloud_images_image.myimage",
            "data.terraform_remote_state.network",
            "huaweicloud_networking_secgroup.sg_common"
          ]
        }
      ]
    },
    {
      "mode": "managed",
      "type": "huaweicloud_compute_instance",
      "name": "ecs-security",
      "provider": "provider[\"registry.terraform.io/huaweicloud/huaweicloud\"].general_service",
      "instances": [
        {
          "schema_version": 0,
          "attributes": {
            "access_ip_v4": "10.17.0.101",
            "access_ip_v6": "",
            "admin_pass": null,
            "agency_name": "",
            "agent_list": "",
            "auto_pay": null,
            "auto_renew": null,
            "availability_zone": "ap-southeast-3a",
            "bandwidth": [],
            "block_device": [],
            "charging_mode": "postPaid",
            "data_disks": [],
            "delete_disks_on_termination": null,
            "delete_eip_on_termination": true,
            "eip_id": null,
            "eip_type": null,
            "enterprise_project_id": "0",
            "flavor_id": "c3.large.2",
            "flavor_name": "c3.large.2",
            "id": "10e62824-4d62-49ef-8422-460cd77f9325",
            "image_id": "1228013a-31dd-4a42-97ac-6e595a80302a",
            "image_name": "Ubuntu 20.04 server 64bit",
            "key_pair": null,
            "metadata": null,
            "name": "ecs-security",
            "network": [
              {
                "access_network": false,
                "fixed_ip_v4": "10.17.0.101",
                "fixed_ip_v6": "",
                "ipv6_enable": false,
                "mac": "fa:16:3e:23:12:77",
                "port": "7144fe01-4b27-4b4b-84a9-c86ef123a190",
                "source_dest_check": true,
                "uuid": "7e3f837f-1956-4139-8ab4-a416a85e1774"
              }
            ],
            "period": null,
            "period_unit": null,
            "power_action": null,
            "public_ip": null,
            "region": "ap-southeast-3",
            "scheduler_hints": [],
            "security_group_ids": [
              "a7ebcf1c-dc8d-4662-8b25-d84bbac95f68"
            ],
            "security_groups": [
              "sg-security-icmp"
            ],
            "status": "ACTIVE",
            "stop_before_destroy": false,
            "system_disk_id": "933b9527-7ad2-4b22-a84f-cf7637247bbd",
            "system_disk_size": 40,
            "system_disk_type": "GPSSD",
            "tags": null,
            "timeouts": null,
            "user_data": "b002acbe228a03d4857be31a4ecdb79711a1ecd9",
            "user_id": null,
            "volume_attached": [
              {
                "boot_index": 0,
                "pci_address": "0000:02:01.0",
                "size": 40,
                "type": "GPSSD",
                "volume_id": "933b9527-7ad2-4b22-a84f-cf7637247bbd"
              }
            ]
          },
          "sensitive_attributes": [],
          "private": "eyJlMmJmYjczMC1lY2FhLTExZTYtOGY4OC0zNDM2M2JjN2M0YzAiOnsiY3JlYXRlIjoxODAwMDAwMDAwMDAwLCJkZWxldGUiOjE4MDAwMDAwMDAwMDAsInVwZGF0ZSI6MTgwMDAwMDAwMDAwMH19",
          "dependencies": [
            "data.huaweicloud_availability_zones.myaz",
            "data.huaweicloud_compute_flavors.myflavor",
            "data.huaweicloud_images_image.myimage",
            "data.terraform_remote_state.network",
            "huaweicloud_networking_secgroup.sg_security"
          ]
        }
      ]
    },
    {
      "mode": "managed",
      "type": "huaweicloud_compute_instance",
      "name": "ecs-transit-nonprod-egress",
      "provider": "provider[\"registry.terraform.io/huaweicloud/huaweicloud\"].general_service",
      "instances": [
        {
          "schema_version": 0,
          "attributes": {
            "access_ip_v4": "10.21.0.101",
            "access_ip_v6": "",
            "admin_pass": null,
            "agency_name": "",
            "agent_list": "",
            "auto_pay": null,
            "auto_renew": null,
            "availability_zone": "ap-southeast-3a",
            "bandwidth": [],
            "block_device": [],
            "charging_mode": "postPaid",
            "data_disks": [],
            "delete_disks_on_termination": null,
            "delete_eip_on_termination": true,
            "eip_id": null,
            "eip_type": null,
            "enterprise_project_id": "0",
            "flavor_id": "c3.large.2",
            "flavor_name": "c3.large.2",
            "id": "927e3bf3-28db-4232-b7d5-b00c7670e583",
            "image_id": "1228013a-31dd-4a42-97ac-6e595a80302a",
            "image_name": "Ubuntu 20.04 server 64bit",
            "key_pair": null,
            "metadata": null,
            "name": "ecs-transit-nonprod-egress",
            "network": [
              {
                "access_network": false,
                "fixed_ip_v4": "10.21.0.101",
                "fixed_ip_v6": "",
                "ipv6_enable": false,
                "mac": "fa:16:3e:cb:b6:1b",
                "port": "b73cf7e3-4494-4971-a093-d1bcbfe536ac",
                "source_dest_check": true,
                "uuid": "c1d66aaa-b3b0-4f46-8f09-c72163aae5af"
              }
            ],
            "period": null,
            "period_unit": null,
            "power_action": null,
            "public_ip": null,
            "region": "ap-southeast-3",
            "scheduler_hints": [],
            "security_group_ids": [
              "7242dcb9-ad3c-4138-9714-bc4a63bf8c3d"
            ],
            "security_groups": [
              "sg-transit-icmp"
            ],
            "status": "ACTIVE",
            "stop_before_destroy": false,
            "system_disk_id": "d4380db9-1a3d-49e2-9ee9-621d24c762a7",
            "system_disk_size": 40,
            "system_disk_type": "GPSSD",
            "tags": null,
            "timeouts": null,
            "user_data": "b002acbe228a03d4857be31a4ecdb79711a1ecd9",
            "user_id": null,
            "volume_attached": [
              {
                "boot_index": 0,
                "pci_address": "0000:02:01.0",
                "size": 40,
                "type": "GPSSD",
                "volume_id": "d4380db9-1a3d-49e2-9ee9-621d24c762a7"
              }
            ]
          },
          "sensitive_attributes": [],
          "private": "eyJlMmJmYjczMC1lY2FhLTExZTYtOGY4OC0zNDM2M2JjN2M0YzAiOnsiY3JlYXRlIjoxODAwMDAwMDAwMDAwLCJkZWxldGUiOjE4MDAwMDAwMDAwMDAsInVwZGF0ZSI6MTgwMDAwMDAwMDAwMH19",
          "dependencies": [
            "data.huaweicloud_availability_zones.myaz",
            "data.huaweicloud_compute_flavors.myflavor",
            "data.huaweicloud_images_image.myimage",
            "data.terraform_remote_state.network",
            "huaweicloud_networking_secgroup.sg_transit"
          ]
        }
      ]
    },
    {
      "mode": "managed",
      "type": "huaweicloud_compute_instance",
      "name": "ecs-transit-prod-egress",
      "provider": "provider[\"registry.terraform.io/huaweicloud/huaweicloud\"].general_service",
      "instances": [
        {
          "schema_version": 0,
          "attributes": {
            "access_ip_v4": "10.19.0.101",
            "access_ip_v6": "",
            "admin_pass": null,
            "agency_name": "",
            "agent_list": "",
            "auto_pay": null,
            "auto_renew": null,
            "availability_zone": "ap-southeast-3a",
            "bandwidth": [],
            "block_device": [],
            "charging_mode": "postPaid",
            "data_disks": [],
            "delete_disks_on_termination": null,
            "delete_eip_on_termination": true,
            "eip_id": null,
            "eip_type": null,
            "enterprise_project_id": "0",
            "flavor_id": "c3.large.2",
            "flavor_name": "c3.large.2",
            "id": "62df9e6e-25ca-42af-bf30-afe3add9c112",
            "image_id": "1228013a-31dd-4a42-97ac-6e595a80302a",
            "image_name": "Ubuntu 20.04 server 64bit",
            "key_pair": null,
            "metadata": null,
            "name": "ecs-transit-prod-egress",
            "network": [
              {
                "access_network": false,
                "fixed_ip_v4": "10.19.0.101",
                "fixed_ip_v6": "",
                "ipv6_enable": false,
                "mac": "fa:16:3e:0d:fa:5f",
                "port": "b2427197-cdfc-4e83-8e74-218c70da575e",
                "source_dest_check": true,
                "uuid": "7a5b9f53-0816-41c3-8400-0b250d74c07c"
              }
            ],
            "period": null,
            "period_unit": null,
            "power_action": null,
            "public_ip": null,
            "region": "ap-southeast-3",
            "scheduler_hints": [],
            "security_group_ids": [
              "7242dcb9-ad3c-4138-9714-bc4a63bf8c3d"
            ],
            "security_groups": [
              "sg-transit-icmp"
            ],
            "status": "ACTIVE",
            "stop_before_destroy": false,
            "system_disk_id": "b64fb492-6d26-4214-9a8f-bff4f56251d2",
            "system_disk_size": 40,
            "system_disk_type": "GPSSD",
            "tags": null,
            "timeouts": null,
            "user_data": "b002acbe228a03d4857be31a4ecdb79711a1ecd9",
            "user_id": null,
            "volume_attached": [
              {
                "boot_index": 0,
                "pci_address": "0000:02:01.0",
                "size": 40,
                "type": "GPSSD",
                "volume_id": "b64fb492-6d26-4214-9a8f-bff4f56251d2"
              }
            ]
          },
          "sensitive_attributes": [],
          "private": "eyJlMmJmYjczMC1lY2FhLTExZTYtOGY4OC0zNDM2M2JjN2M0YzAiOnsiY3JlYXRlIjoxODAwMDAwMDAwMDAwLCJkZWxldGUiOjE4MDAwMDAwMDAwMDAsInVwZGF0ZSI6MTgwMDAwMDAwMDAwMH19",
          "dependencies": [
            "data.huaweicloud_availability_zones.myaz",
            "data.huaweicloud_compute_flavors.myflavor",
            "data.huaweicloud_images_image.myimage",
            "data.terraform_remote_state.network",
            "huaweicloud_networking_secgroup.sg_transit"
          ]
        }
      ]
    },
    {
      "mode": "managed",
      "type": "huaweicloud_compute_instance",
      "name": "ecs-transit-prod-ingress",
      "provider": "provider[\"registry.terraform.io/huaweicloud/huaweicloud\"].general_service",
      "instances": [
        {
          "schema_version": 0,
          "attributes": {
            "access_ip_v4": "10.18.0.101",
            "access_ip_v6": "",
            "admin_pass": null,
            "agency_name": "",
            "agent_list": "",
            "auto_pay": null,
            "auto_renew": null,
            "availability_zone": "ap-southeast-3a",
            "bandwidth": [],
            "block_device": [],
            "charging_mode": "postPaid",
            "data_disks": [],
            "delete_disks_on_termination": null,
            "delete_eip_on_termination": true,
            "eip_id": null,
            "eip_type": null,
            "enterprise_project_id": "0",
            "flavor_id": "c3.large.2",
            "flavor_name": "c3.large.2",
            "id": "8efab64e-7174-4055-9aa9-cc44db42c4b6",
            "image_id": "1228013a-31dd-4a42-97ac-6e595a80302a",
            "image_name": "Ubuntu 20.04 server 64bit",
            "key_pair": null,
            "metadata": null,
            "name": "ecs-transit-prod-ingress",
            "network": [
              {
                "access_network": false,
                "fixed_ip_v4": "10.18.0.101",
                "fixed_ip_v6": "",
                "ipv6_enable": false,
                "mac": "fa:16:3e:49:37:9c",
                "port": "aaf5bcd5-01cf-4309-a239-67b142b350b0",
                "source_dest_check": true,
                "uuid": "6515bdb7-9a1a-4dcc-967d-8c744fdd6dab"
              }
            ],
            "period": null,
            "period_unit": null,
            "power_action": null,
            "public_ip": null,
            "region": "ap-southeast-3",
            "scheduler_hints": [],
            "security_group_ids": [
              "7242dcb9-ad3c-4138-9714-bc4a63bf8c3d"
            ],
            "security_groups": [
              "sg-transit-icmp"
            ],
            "status": "ACTIVE",
            "stop_before_destroy": false,
            "system_disk_id": "aa1a1815-485b-455d-8a1b-bccb907393d2",
            "system_disk_size": 40,
            "system_disk_type": "GPSSD",
            "tags": null,
            "timeouts": null,
            "user_data": "b002acbe228a03d4857be31a4ecdb79711a1ecd9",
            "user_id": null,
            "volume_attached": [
              {
                "boot_index": 0,
                "pci_address": "0000:02:01.0",
                "size": 40,
                "type": "GPSSD",
                "volume_id": "aa1a1815-485b-455d-8a1b-bccb907393d2"
              }
            ]
          },
          "sensitive_attributes": [],
          "private": "eyJlMmJmYjczMC1lY2FhLTExZTYtOGY4OC0zNDM2M2JjN2M0YzAiOnsiY3JlYXRlIjoxODAwMDAwMDAwMDAwLCJkZWxldGUiOjE4MDAwMDAwMDAwMDAsInVwZGF0ZSI6MTgwMDAwMDAwMDAwMH19",
          "dependencies": [
            "data.huaweicloud_availability_zones.myaz",
            "data.huaweicloud_compute_flavors.myflavor",
            "data.huaweicloud_images_image.myimage",
            "data.terraform_remote_state.network",
            "huaweicloud_networking_secgroup.sg_transit"
          ]
        }
      ]
    },
    {
      "mode": "managed",
      "type": "huaweicloud_networking_secgroup",
      "name": "sg_common",
      "provider": "provider[\"registry.terraform.io/huaweicloud/huaweicloud\"].general_service",
      "instances": [
        {
          "schema_version": 0,
          "attributes": {
            "created_at": "2023-02-16T08:27:44Z",
            "delete_default_rules": null,
            "description": "",
            "enterprise_project_id": "0",
            "id": "d04be582-d3b8-4156-9dab-93144360129a",
            "name": "sg-common-icmp",
            "region": "ap-southeast-3",
            "rules": [
              {
                "description": "",
                "direction": "egress",
                "ethertype": "IPv6",
                "id": "05549e11-b215-4872-8d88-fa8e0549616e",
                "port_range_max": 0,
                "port_range_min": 0,
                "ports": "",
                "protocol": "",
                "remote_group_id": "",
                "remote_ip_prefix": ""
              },
              {
                "description": "",
                "direction": "ingress",
                "ethertype": "IPv6",
                "id": "499020cf-2477-41fb-afab-f2552dd6f79c",
                "port_range_max": 0,
                "port_range_min": 0,
                "ports": "",
                "protocol": "",
                "remote_group_id": "d04be582-d3b8-4156-9dab-93144360129a",
                "remote_ip_prefix": ""
              },
              {
                "description": "",
                "direction": "egress",
                "ethertype": "IPv4",
                "id": "0c4b0550-08b5-470a-8a6d-c334b1ddddfc",
                "port_range_max": 0,
                "port_range_min": 0,
                "ports": "",
                "protocol": "",
                "remote_group_id": "",
                "remote_ip_prefix": ""
              },
              {
                "description": "",
                "direction": "ingress",
                "ethertype": "IPv4",
                "id": "69615e01-0261-4701-ad21-31d4b3ccc6b7",
                "port_range_max": 0,
                "port_range_min": 0,
                "ports": "",
                "protocol": "",
                "remote_group_id": "d04be582-d3b8-4156-9dab-93144360129a",
                "remote_ip_prefix": ""
              }
            ],
            "timeouts": null,
            "updated_at": "2023-02-16T08:27:44Z"
          },
          "sensitive_attributes": [],
          "private": "eyJlMmJmYjczMC1lY2FhLTExZTYtOGY4OC0zNDM2M2JjN2M0YzAiOnsiZGVsZXRlIjo2MDAwMDAwMDAwMDB9fQ=="
        }
      ]
    },
    {
      "mode": "managed",
      "type": "huaweicloud_networking_secgroup",
      "name": "sg_security",
      "provider": "provider[\"registry.terraform.io/huaweicloud/huaweicloud\"].general_service",
      "instances": [
        {
          "schema_version": 0,
          "attributes": {
            "created_at": "2023-02-16T08:27:44Z",
            "delete_default_rules": null,
            "description": "",
            "enterprise_project_id": "0",
            "id": "a7ebcf1c-dc8d-4662-8b25-d84bbac95f68",
            "name": "sg-security-icmp",
            "region": "ap-southeast-3",
            "rules": [
              {
                "description": "",
                "direction": "egress",
                "ethertype": "IPv4",
                "id": "194c2f64-19ff-435f-b3e2-56d1f01d2001",
                "port_range_max": 0,
                "port_range_min": 0,
                "ports": "",
                "protocol": "",
                "remote_group_id": "",
                "remote_ip_prefix": ""
              },
              {
                "description": "",
                "direction": "ingress",
                "ethertype": "IPv6",
                "id": "085ed719-0567-4fbd-aced-e391039cac67",
                "port_range_max": 0,
                "port_range_min": 0,
                "ports": "",
                "protocol": "",
                "remote_group_id": "a7ebcf1c-dc8d-4662-8b25-d84bbac95f68",
                "remote_ip_prefix": ""
              },
              {
                "description": "",
                "direction": "ingress",
                "ethertype": "IPv4",
                "id": "feae73ef-4ba3-4d8c-9cf0-9fcc0f1c31f8",
                "port_range_max": 0,
                "port_range_min": 0,
                "ports": "",
                "protocol": "",
                "remote_group_id": "a7ebcf1c-dc8d-4662-8b25-d84bbac95f68",
                "remote_ip_prefix": ""
              },
              {
                "description": "",
                "direction": "egress",
                "ethertype": "IPv6",
                "id": "6690ccc2-211e-4c1b-b0f0-87d49e83749b",
                "port_range_max": 0,
                "port_range_min": 0,
                "ports": "",
                "protocol": "",
                "remote_group_id": "",
                "remote_ip_prefix": ""
              }
            ],
            "timeouts": null,
            "updated_at": "2023-02-16T08:27:44Z"
          },
          "sensitive_attributes": [],
          "private": "eyJlMmJmYjczMC1lY2FhLTExZTYtOGY4OC0zNDM2M2JjN2M0YzAiOnsiZGVsZXRlIjo2MDAwMDAwMDAwMDB9fQ=="
        }
      ]
    },
    {
      "mode": "managed",
      "type": "huaweicloud_networking_secgroup",
      "name": "sg_transit",
      "provider": "provider[\"registry.terraform.io/huaweicloud/huaweicloud\"].general_service",
      "instances": [
        {
          "schema_version": 0,
          "attributes": {
            "created_at": "2023-02-16T08:27:44Z",
            "delete_default_rules": null,
            "description": "",
            "enterprise_project_id": "0",
            "id": "7242dcb9-ad3c-4138-9714-bc4a63bf8c3d",
            "name": "sg-transit-icmp",
            "region": "ap-southeast-3",
            "rules": [
              {
                "description": "",
                "direction": "egress",
                "ethertype": "IPv6",
                "id": "a5b69679-783d-475d-9861-3fc4c5ef5b40",
                "port_range_max": 0,
                "port_range_min": 0,
                "ports": "",
                "protocol": "",
                "remote_group_id": "",
                "remote_ip_prefix": ""
              },
              {
                "description": "",
                "direction": "ingress",
                "ethertype": "IPv6",
                "id": "1eb8297e-4eeb-416d-86ec-79ba00fbc3f5",
                "port_range_max": 0,
                "port_range_min": 0,
                "ports": "",
                "protocol": "",
                "remote_group_id": "7242dcb9-ad3c-4138-9714-bc4a63bf8c3d",
                "remote_ip_prefix": ""
              },
              {
                "description": "",
                "direction": "ingress",
                "ethertype": "IPv4",
                "id": "65625f95-902d-4430-b3d6-045398223683",
                "port_range_max": 0,
                "port_range_min": 0,
                "ports": "",
                "protocol": "",
                "remote_group_id": "7242dcb9-ad3c-4138-9714-bc4a63bf8c3d",
                "remote_ip_prefix": ""
              },
              {
                "description": "",
                "direction": "egress",
                "ethertype": "IPv4",
                "id": "3fd82688-71e5-4618-bfce-36b2fc3b19b2",
                "port_range_max": 0,
                "port_range_min": 0,
                "ports": "",
                "protocol": "",
                "remote_group_id": "",
                "remote_ip_prefix": ""
              }
            ],
            "timeouts": null,
            "updated_at": "2023-02-16T08:27:44Z"
          },
          "sensitive_attributes": [],
          "private": "eyJlMmJmYjczMC1lY2FhLTExZTYtOGY4OC0zNDM2M2JjN2M0YzAiOnsiZGVsZXRlIjo2MDAwMDAwMDAwMDB9fQ=="
        }
      ]
    },
    {
      "mode": "managed",
      "type": "huaweicloud_networking_secgroup_rule",
      "name": "sg_rule_general",
      "provider": "provider[\"registry.terraform.io/huaweicloud/huaweicloud\"].general_service",
      "instances": [
        {
          "schema_version": 0,
          "attributes": {
            "description": "",
            "direction": "ingress",
            "ethertype": "IPv4",
            "id": "171ba56b-477f-4d60-ac56-832d74718c4d",
            "port_range_max": 0,
            "port_range_min": 0,
            "ports": "",
            "protocol": "icmp",
            "region": "ap-southeast-3",
            "remote_group_id": "",
            "remote_ip_prefix": "0.0.0.0/0",
            "security_group_id": "d04be582-d3b8-4156-9dab-93144360129a",
            "timeouts": null
          },
          "sensitive_attributes": [],
          "private": "eyJlMmJmYjczMC1lY2FhLTExZTYtOGY4OC0zNDM2M2JjN2M0YzAiOnsiZGVsZXRlIjo2MDAwMDAwMDAwMDB9fQ==",
          "dependencies": [
            "huaweicloud_networking_secgroup.sg_common"
          ]
        }
      ]
    },
    {
      "mode": "managed",
      "type": "huaweicloud_networking_secgroup_rule",
      "name": "sg_rule_security",
      "provider": "provider[\"registry.terraform.io/huaweicloud/huaweicloud\"].general_service",
      "instances": [
        {
          "schema_version": 0,
          "attributes": {
            "description": "",
            "direction": "ingress",
            "ethertype": "IPv4",
            "id": "626761f6-cda8-48ce-a0f0-925fbf4fb86d",
            "port_range_max": 0,
            "port_range_min": 0,
            "ports": "",
            "protocol": "icmp",
            "region": "ap-southeast-3",
            "remote_group_id": "",
            "remote_ip_prefix": "0.0.0.0/0",
            "security_group_id": "a7ebcf1c-dc8d-4662-8b25-d84bbac95f68",
            "timeouts": null
          },
          "sensitive_attributes": [],
          "private": "eyJlMmJmYjczMC1lY2FhLTExZTYtOGY4OC0zNDM2M2JjN2M0YzAiOnsiZGVsZXRlIjo2MDAwMDAwMDAwMDB9fQ==",
          "dependencies": [
            "huaweicloud_networking_secgroup.sg_security"
          ]
        }
      ]
    },
    {
      "mode": "managed",
      "type": "huaweicloud_networking_secgroup_rule",
      "name": "sg_rule_transit",
      "provider": "provider[\"registry.terraform.io/huaweicloud/huaweicloud\"].general_service",
      "instances": [
        {
          "schema_version": 0,
          "attributes": {
            "description": "",
            "direction": "ingress",
            "ethertype": "IPv4",
            "id": "1d1f2383-1dfd-4d59-8d54-ffa2a9a35b51",
            "port_range_max": 0,
            "port_range_min": 0,
            "ports": "",
            "protocol": "icmp",
            "region": "ap-southeast-3",
            "remote_group_id": "",
            "remote_ip_prefix": "0.0.0.0/0",
            "security_group_id": "7242dcb9-ad3c-4138-9714-bc4a63bf8c3d",
            "timeouts": null
          },
          "sensitive_attributes": [],
          "private": "eyJlMmJmYjczMC1lY2FhLTExZTYtOGY4OC0zNDM2M2JjN2M0YzAiOnsiZGVsZXRlIjo2MDAwMDAwMDAwMDB9fQ==",
          "dependencies": [
            "huaweicloud_networking_secgroup.sg_transit"
          ]
        }
      ]
    }
  ],
  "check_results": null
}
