{
  "version": 4,
  "terraform_version": "1.3.7",
  "serial": 18,
  "lineage": "cedeb186-e56a-3ad3-8892-99481225c632",
  "outputs": {},
  "resources": [
    {
      "module": "module.general_service_cts_notify",
      "mode": "managed",
      "type": "huaweicloud_cts_notification",
      "name": "cts_notify",
      "provider": "provider[\"registry.terraform.io/huaweicloud/huaweicloud\"].general_service",
      "instances": [
        {
          "schema_version": 0,
          "attributes": {
            "enabled": true,
            "id": "cts_important_nofity",
            "name": "cts_important_nofity",
            "notification_id": "c8cbef96-6ea7-4bcf-abb9-05d61c25a769",
            "operation_type": "customized",
            "operation_users": [],
            "operations": [
              {
                "resource": "cmk",
                "service": "KMS",
                "trace_names": [
                  "disableKey",
                  "deleteKeyRiskTips"
                ]
              },
              {
                "resource": "bucket",
                "service": "OBS",
                "trace_names": [
                  "deleteBucketPolicy",
                  "setBucketPolicy"
                ]
              },
              {
                "resource": "vpc",
                "service": "VPC",
                "trace_names": [
                  "createVpc",
                  "deleteVpc",
                  "modifyVpc"
                ]
              },
              {
                "resource": "vpn",
                "service": "VPC",
                "trace_names": [
                  "deleteVpn",
                  "modifyVpn"
                ]
              },
              {
                "resource": "SecurityPolicy",
                "service": "IAM",
                "trace_names": [
                  "modifySecurityPolicy"
                ]
              },
              {
                "resource": "tracker",
                "service": "CTS",
                "trace_names": [
                  "updateTracker",
                  "deleteTracker"
                ]
              }
            ],
            "region": "ap-southeast-3",
            "smn_topic": "urn:smn:ap-southeast-3:314b970e3a8b4da7bffdd283d2a68ec0:cts_imp_notices_topic",
            "status": "enabled",
            "timeouts": null
          },
          "sensitive_attributes": [],
          "private": "eyJlMmJmYjczMC1lY2FhLTExZTYtOGY4OC0zNDM2M2JjN2M0YzAiOnsiY3JlYXRlIjozMDAwMDAwMDAwMDAsImRlbGV0ZSI6MzAwMDAwMDAwMDAwLCJ1cGRhdGUiOjMwMDAwMDAwMDAwMH19",
          "dependencies": [
            "module.general_service_cts_notify.huaweicloud_smn_topic.cts_important_notices"
          ]
        }
      ]
    },
    {
      "module": "module.general_service_cts_notify",
      "mode": "managed",
      "type": "huaweicloud_cts_notification",
      "name": "cts_root_account_notify",
      "provider": "provider[\"registry.terraform.io/huaweicloud/huaweicloud\"].general_service",
      "instances": [
        {
          "schema_version": 0,
          "attributes": {
            "enabled": true,
            "id": "cts_root_account_login_nofity",
            "name": "cts_root_account_login_nofity",
            "notification_id": "e5085761-58e0-43d8-98c2-390ef8bce433",
            "operation_type": "customized",
            "operation_users": [
              {
                "group": "admin",
                "users": [
                  "commom_account"
                ]
              }
            ],
            "operations": [
              {
                "resource": "user",
                "service": "IAM",
                "trace_names": [
                  "login",
                  "loginFailed"
                ]
              }
            ],
            "region": "ap-southeast-3",
            "smn_topic": "urn:smn:ap-southeast-3:314b970e3a8b4da7bffdd283d2a68ec0:cts_imp_notices_topic",
            "status": "enabled",
            "timeouts": null
          },
          "sensitive_attributes": [],
          "private": "eyJlMmJmYjczMC1lY2FhLTExZTYtOGY4OC0zNDM2M2JjN2M0YzAiOnsiY3JlYXRlIjozMDAwMDAwMDAwMDAsImRlbGV0ZSI6MzAwMDAwMDAwMDAwLCJ1cGRhdGUiOjMwMDAwMDAwMDAwMH19",
          "dependencies": [
            "module.general_service_cts_notify.huaweicloud_smn_topic.cts_important_notices"
          ]
        }
      ]
    },
    {
      "module": "module.general_service_cts_notify",
      "mode": "managed",
      "type": "huaweicloud_smn_subscription",
      "name": "cts_imp_notices_email_subcription",
      "provider": "provider[\"registry.terraform.io/huaweicloud/huaweicloud\"].general_service",
      "instances": [
        {
          "index_key": 0,
          "schema_version": 0,
          "attributes": {
            "endpoint": "foo.wen.shun@huawei.com",
            "id": "urn:smn:ap-southeast-3:314b970e3a8b4da7bffdd283d2a68ec0:cts_imp_notices_topic:f0be0d2e3aa34f1cb26e2bde8d4e5ecb",
            "owner": "314b970e3a8b4da7bffdd283d2a68ec0",
            "protocol": "email",
            "region": "ap-southeast-3",
            "remark": "",
            "status": 0,
            "subscription_urn": "urn:smn:ap-southeast-3:314b970e3a8b4da7bffdd283d2a68ec0:cts_imp_notices_topic:f0be0d2e3aa34f1cb26e2bde8d4e5ecb",
            "topic_urn": "urn:smn:ap-southeast-3:314b970e3a8b4da7bffdd283d2a68ec0:cts_imp_notices_topic"
          },
          "sensitive_attributes": [],
          "private": "bnVsbA==",
          "dependencies": [
            "module.general_service_cts_notify.huaweicloud_smn_topic.cts_important_notices"
          ]
        }
      ]
    },
    {
      "module": "module.general_service_cts_notify",
      "mode": "managed",
      "type": "huaweicloud_smn_subscription",
      "name": "cts_imp_notices_sms_subcription",
      "provider": "provider[\"registry.terraform.io/huaweicloud/huaweicloud\"].general_service",
      "instances": [
        {
          "index_key": 0,
          "schema_version": 0,
          "attributes": {
            "endpoint": "+60165595337",
            "id": "urn:smn:ap-southeast-3:314b970e3a8b4da7bffdd283d2a68ec0:cts_imp_notices_topic:d66d36ad603a49e8a6160a470fb0ed91",
            "owner": "314b970e3a8b4da7bffdd283d2a68ec0",
            "protocol": "sms",
            "region": "ap-southeast-3",
            "remark": "",
            "status": 0,
            "subscription_urn": "urn:smn:ap-southeast-3:314b970e3a8b4da7bffdd283d2a68ec0:cts_imp_notices_topic:d66d36ad603a49e8a6160a470fb0ed91",
            "topic_urn": "urn:smn:ap-southeast-3:314b970e3a8b4da7bffdd283d2a68ec0:cts_imp_notices_topic"
          },
          "sensitive_attributes": [],
          "private": "bnVsbA==",
          "dependencies": [
            "module.general_service_cts_notify.huaweicloud_smn_topic.cts_important_notices"
          ]
        }
      ]
    },
    {
      "module": "module.general_service_cts_notify",
      "mode": "managed",
      "type": "huaweicloud_smn_topic",
      "name": "cts_important_notices",
      "provider": "provider[\"registry.terraform.io/huaweicloud/huaweicloud\"].general_service",
      "instances": [
        {
          "schema_version": 0,
          "attributes": {
            "create_time": "2023-02-16T07:05:45Z",
            "display_name": "The CTS important notification",
            "enterprise_project_id": "0",
            "id": "urn:smn:ap-southeast-3:314b970e3a8b4da7bffdd283d2a68ec0:cts_imp_notices_topic",
            "name": "cts_imp_notices_topic",
            "push_policy": 0,
            "region": "ap-southeast-3",
            "tags": null,
            "topic_urn": "urn:smn:ap-southeast-3:314b970e3a8b4da7bffdd283d2a68ec0:cts_imp_notices_topic",
            "update_time": "2023-02-16T07:05:45Z"
          },
          "sensitive_attributes": [],
          "private": "bnVsbA=="
        }
      ]
    }
  ],
  "check_results": null
}
